// !$*UTF8*$!
{
	archiveVersion = 1;
	classes = {
	};
	objectVersion = 55;
	objects = {

/* Begin PBXBuildFile section */
		A10D6DA7289042E500751F37 /* CustomMapView.swift in Sources */ = {isa = PBXBuildFile; fileRef = A10D6DA6289042E500751F37 /* CustomMapView.swift */; };
		A10D6DA92890431200751F37 /* MapViewAnnotationProtocol.swift in Sources */ = {isa = PBXBuildFile; fileRef = A10D6DA82890431200751F37 /* MapViewAnnotationProtocol.swift */; };
		A10D6DAA2890431200751F37 /* MapViewAnnotationProtocol.swift in Sources */ = {isa = PBXBuildFile; fileRef = A10D6DA82890431200751F37 /* MapViewAnnotationProtocol.swift */; };
		A10D6DAE289064DA00751F37 /* DetailView.swift in Sources */ = {isa = PBXBuildFile; fileRef = A10D6DAD289064DA00751F37 /* DetailView.swift */; };
		A10D6DAF289064DA00751F37 /* DetailView.swift in Sources */ = {isa = PBXBuildFile; fileRef = A10D6DAD289064DA00751F37 /* DetailView.swift */; };
		A10D6DB12890666900751F37 /* Color+Extension.swift.swift in Sources */ = {isa = PBXBuildFile; fileRef = A10D6DB02890666900751F37 /* Color+Extension.swift.swift */; };
		A10D6DB22890666900751F37 /* Color+Extension.swift.swift in Sources */ = {isa = PBXBuildFile; fileRef = A10D6DB02890666900751F37 /* Color+Extension.swift.swift */; };
		A10D6DB42890748D00751F37 /* LoadingView.swift in Sources */ = {isa = PBXBuildFile; fileRef = A10D6DB32890748D00751F37 /* LoadingView.swift */; };
		A10D6DB52890748D00751F37 /* LoadingView.swift in Sources */ = {isa = PBXBuildFile; fileRef = A10D6DB32890748D00751F37 /* LoadingView.swift */; };
		A10D6DB7289075AF00751F37 /* ErrorView.swift in Sources */ = {isa = PBXBuildFile; fileRef = A10D6DB6289075AF00751F37 /* ErrorView.swift */; };
		A10D6DB8289075AF00751F37 /* ErrorView.swift in Sources */ = {isa = PBXBuildFile; fileRef = A10D6DB6289075AF00751F37 /* ErrorView.swift */; };
		A10D6DBB2890845B00751F37 /* Blur.swift in Sources */ = {isa = PBXBuildFile; fileRef = A10D6DBA2890845B00751F37 /* Blur.swift */; };
		A10D6DBC2890845B00751F37 /* Blur.swift in Sources */ = {isa = PBXBuildFile; fileRef = A10D6DBA2890845B00751F37 /* Blur.swift */; };
		A10D6DC128908ACA00751F37 /* ContactView.swift in Sources */ = {isa = PBXBuildFile; fileRef = A10D6DC028908ACA00751F37 /* ContactView.swift */; };
		A10D6DC228908ACA00751F37 /* ContactView.swift in Sources */ = {isa = PBXBuildFile; fileRef = A10D6DC028908ACA00751F37 /* ContactView.swift */; };
		A10D6DC428908CA500751F37 /* ContactViewModel.swift in Sources */ = {isa = PBXBuildFile; fileRef = A10D6DC328908CA500751F37 /* ContactViewModel.swift */; };
		A10D6DC528908CA500751F37 /* ContactViewModel.swift in Sources */ = {isa = PBXBuildFile; fileRef = A10D6DC328908CA500751F37 /* ContactViewModel.swift */; };
		A10D6DC72890A65100751F37 /* EnvironmentValues+Extension.swift in Sources */ = {isa = PBXBuildFile; fileRef = A10D6DC62890A65100751F37 /* EnvironmentValues+Extension.swift */; };
		A10D6DC82890A65100751F37 /* EnvironmentValues+Extension.swift in Sources */ = {isa = PBXBuildFile; fileRef = A10D6DC62890A65100751F37 /* EnvironmentValues+Extension.swift */; };
		A10D6DCA2890A73D00751F37 /* UIViewController+Extension.swift in Sources */ = {isa = PBXBuildFile; fileRef = A10D6DC92890A73D00751F37 /* UIViewController+Extension.swift */; };
		A10D6DCB2890A73D00751F37 /* UIViewController+Extension.swift in Sources */ = {isa = PBXBuildFile; fileRef = A10D6DC92890A73D00751F37 /* UIViewController+Extension.swift */; };
		A10D6DCF2890B3D800751F37 /* main.xcdatamodeld in Sources */ = {isa = PBXBuildFile; fileRef = A10D6DCD2890B3D800751F37 /* main.xcdatamodeld */; };
		A10D6DD02890B3D800751F37 /* main.xcdatamodeld in Sources */ = {isa = PBXBuildFile; fileRef = A10D6DCD2890B3D800751F37 /* main.xcdatamodeld */; };
		A10D6DD32890B51100751F37 /* Contacts+CoreDataClass.swift in Sources */ = {isa = PBXBuildFile; fileRef = A10D6DD12890B51100751F37 /* Contacts+CoreDataClass.swift */; };
		A10D6DD42890B51100751F37 /* Contacts+CoreDataClass.swift in Sources */ = {isa = PBXBuildFile; fileRef = A10D6DD12890B51100751F37 /* Contacts+CoreDataClass.swift */; };
		A10D6DD52890B51100751F37 /* Contacts+CoreDataProperties.swift in Sources */ = {isa = PBXBuildFile; fileRef = A10D6DD22890B51100751F37 /* Contacts+CoreDataProperties.swift */; };
		A10D6DD62890B51100751F37 /* Contacts+CoreDataProperties.swift in Sources */ = {isa = PBXBuildFile; fileRef = A10D6DD22890B51100751F37 /* Contacts+CoreDataProperties.swift */; };
		A10D6DD82890C41B00751F37 /* CoreDataStack.swift in Sources */ = {isa = PBXBuildFile; fileRef = A10D6DD72890C41B00751F37 /* CoreDataStack.swift */; };
		A10D6DD92890C41B00751F37 /* CoreDataStack.swift in Sources */ = {isa = PBXBuildFile; fileRef = A10D6DD72890C41B00751F37 /* CoreDataStack.swift */; };
		A1F1FB46288D49C70080E7D7 /* TripManagerSwiftUIApp.swift in Sources */ = {isa = PBXBuildFile; fileRef = A1F1FB45288D49C70080E7D7 /* TripManagerSwiftUIApp.swift */; };
		A1F1FB4A288D49C80080E7D7 /* Assets.xcassets in Resources */ = {isa = PBXBuildFile; fileRef = A1F1FB49288D49C80080E7D7 /* Assets.xcassets */; };
		A1F1FB4D288D49C80080E7D7 /* Preview Assets.xcassets in Resources */ = {isa = PBXBuildFile; fileRef = A1F1FB4C288D49C80080E7D7 /* Preview Assets.xcassets */; };
		A1F1FB57288D49C80080E7D7 /* TripManagerSwiftUITests.swift in Sources */ = {isa = PBXBuildFile; fileRef = A1F1FB56288D49C80080E7D7 /* TripManagerSwiftUITests.swift */; };
		A1F1FB61288D49C80080E7D7 /* TripManagerSwiftUIUITests.swift in Sources */ = {isa = PBXBuildFile; fileRef = A1F1FB60288D49C80080E7D7 /* TripManagerSwiftUIUITests.swift */; };
		A1F1FB63288D49C80080E7D7 /* TripManagerSwiftUIUITestsLaunchTests.swift in Sources */ = {isa = PBXBuildFile; fileRef = A1F1FB62288D49C80080E7D7 /* TripManagerSwiftUIUITestsLaunchTests.swift */; };
		A1F1FB78288D4C780080E7D7 /* TripListView.swift in Sources */ = {isa = PBXBuildFile; fileRef = A1F1FB77288D4C780080E7D7 /* TripListView.swift */; };
		A1F1FB7A288D4CB80080E7D7 /* TripListViewModel.swift in Sources */ = {isa = PBXBuildFile; fileRef = A1F1FB79288D4CB80080E7D7 /* TripListViewModel.swift */; };
		A1F1FB7C288D58370080E7D7 /* TripsModel.swift in Sources */ = {isa = PBXBuildFile; fileRef = A1F1FB7B288D58370080E7D7 /* TripsModel.swift */; };
		A1F1FB7D288D58370080E7D7 /* TripsModel.swift in Sources */ = {isa = PBXBuildFile; fileRef = A1F1FB7B288D58370080E7D7 /* TripsModel.swift */; };
		A1F1FB7F288D58F90080E7D7 /* TripListDataSource.swift in Sources */ = {isa = PBXBuildFile; fileRef = A1F1FB7E288D58F90080E7D7 /* TripListDataSource.swift */; };
		A1F1FB80288D58F90080E7D7 /* TripListDataSource.swift in Sources */ = {isa = PBXBuildFile; fileRef = A1F1FB7E288D58F90080E7D7 /* TripListDataSource.swift */; };
		A1F1FB83288D5AFE0080E7D7 /* NetworkUtils.swift in Sources */ = {isa = PBXBuildFile; fileRef = A1F1FB82288D5AFE0080E7D7 /* NetworkUtils.swift */; };
		A1F1FB84288D5AFE0080E7D7 /* NetworkUtils.swift in Sources */ = {isa = PBXBuildFile; fileRef = A1F1FB82288D5AFE0080E7D7 /* NetworkUtils.swift */; };
		A1F1FB87288D77CD0080E7D7 /* URLRequest+Extension.swift in Sources */ = {isa = PBXBuildFile; fileRef = A1F1FB86288D77CD0080E7D7 /* URLRequest+Extension.swift */; };
		A1F1FB88288D77CD0080E7D7 /* URLRequest+Extension.swift in Sources */ = {isa = PBXBuildFile; fileRef = A1F1FB86288D77CD0080E7D7 /* URLRequest+Extension.swift */; };
		A1F1FB8B288DA0240080E7D7 /* TripListViewCell.swift in Sources */ = {isa = PBXBuildFile; fileRef = A1F1FB8A288DA0240080E7D7 /* TripListViewCell.swift */; };
		A1F1FB8C288DA0240080E7D7 /* TripListViewCell.swift in Sources */ = {isa = PBXBuildFile; fileRef = A1F1FB8A288DA0240080E7D7 /* TripListViewCell.swift */; };
		A1F1FB8E288DA7AA0080E7D7 /* String+Extension.swift in Sources */ = {isa = PBXBuildFile; fileRef = A1F1FB8D288DA7AA0080E7D7 /* String+Extension.swift */; };
		A1F1FB8F288DA7AA0080E7D7 /* String+Extension.swift in Sources */ = {isa = PBXBuildFile; fileRef = A1F1FB8D288DA7AA0080E7D7 /* String+Extension.swift */; };
		A1F1FBA1288DAAB90080E7D7 /* Muli-ExtraLight.ttf in Resources */ = {isa = PBXBuildFile; fileRef = A1F1FB93288DAAB90080E7D7 /* Muli-ExtraLight.ttf */; };
		A1F1FBA2288DAAB90080E7D7 /* Muli-ExtraLight.ttf in Resources */ = {isa = PBXBuildFile; fileRef = A1F1FB93288DAAB90080E7D7 /* Muli-ExtraLight.ttf */; };
		A1F1FBA3288DAAB90080E7D7 /* Muli-ExtraLightItalic.ttf in Resources */ = {isa = PBXBuildFile; fileRef = A1F1FB94288DAAB90080E7D7 /* Muli-ExtraLightItalic.ttf */; };
		A1F1FBA4288DAAB90080E7D7 /* Muli-ExtraLightItalic.ttf in Resources */ = {isa = PBXBuildFile; fileRef = A1F1FB94288DAAB90080E7D7 /* Muli-ExtraLightItalic.ttf */; };
		A1F1FBA5288DAAB90080E7D7 /* Muli-BoldItalic.ttf in Resources */ = {isa = PBXBuildFile; fileRef = A1F1FB95288DAAB90080E7D7 /* Muli-BoldItalic.ttf */; };
		A1F1FBA6288DAAB90080E7D7 /* Muli-BoldItalic.ttf in Resources */ = {isa = PBXBuildFile; fileRef = A1F1FB95288DAAB90080E7D7 /* Muli-BoldItalic.ttf */; };
		A1F1FBA7288DAAB90080E7D7 /* Muli-Black.ttf in Resources */ = {isa = PBXBuildFile; fileRef = A1F1FB96288DAAB90080E7D7 /* Muli-Black.ttf */; };
		A1F1FBA8288DAAB90080E7D7 /* Muli-Black.ttf in Resources */ = {isa = PBXBuildFile; fileRef = A1F1FB96288DAAB90080E7D7 /* Muli-Black.ttf */; };
		A1F1FBA9288DAAB90080E7D7 /* Muli-Semi-BoldItalic.ttf in Resources */ = {isa = PBXBuildFile; fileRef = A1F1FB97288DAAB90080E7D7 /* Muli-Semi-BoldItalic.ttf */; };
		A1F1FBAA288DAAB90080E7D7 /* Muli-Semi-BoldItalic.ttf in Resources */ = {isa = PBXBuildFile; fileRef = A1F1FB97288DAAB90080E7D7 /* Muli-Semi-BoldItalic.ttf */; };
		A1F1FBAB288DAAB90080E7D7 /* Muli-ExtraBold.ttf in Resources */ = {isa = PBXBuildFile; fileRef = A1F1FB98288DAAB90080E7D7 /* Muli-ExtraBold.ttf */; };
		A1F1FBAC288DAAB90080E7D7 /* Muli-ExtraBold.ttf in Resources */ = {isa = PBXBuildFile; fileRef = A1F1FB98288DAAB90080E7D7 /* Muli-ExtraBold.ttf */; };
		A1F1FBAD288DAAB90080E7D7 /* Muli-Bold.ttf in Resources */ = {isa = PBXBuildFile; fileRef = A1F1FB99288DAAB90080E7D7 /* Muli-Bold.ttf */; };
		A1F1FBAE288DAAB90080E7D7 /* Muli-Bold.ttf in Resources */ = {isa = PBXBuildFile; fileRef = A1F1FB99288DAAB90080E7D7 /* Muli-Bold.ttf */; };
		A1F1FBAF288DAAB90080E7D7 /* Muli-ExtraBoldItalic.ttf in Resources */ = {isa = PBXBuildFile; fileRef = A1F1FB9A288DAAB90080E7D7 /* Muli-ExtraBoldItalic.ttf */; };
		A1F1FBB0288DAAB90080E7D7 /* Muli-ExtraBoldItalic.ttf in Resources */ = {isa = PBXBuildFile; fileRef = A1F1FB9A288DAAB90080E7D7 /* Muli-ExtraBoldItalic.ttf */; };
		A1F1FBB1288DAAB90080E7D7 /* Muli-Italic.ttf in Resources */ = {isa = PBXBuildFile; fileRef = A1F1FB9B288DAAB90080E7D7 /* Muli-Italic.ttf */; };
		A1F1FBB2288DAAB90080E7D7 /* Muli-Italic.ttf in Resources */ = {isa = PBXBuildFile; fileRef = A1F1FB9B288DAAB90080E7D7 /* Muli-Italic.ttf */; };
		A1F1FBB3288DAAB90080E7D7 /* Muli-SemiBold.ttf in Resources */ = {isa = PBXBuildFile; fileRef = A1F1FB9C288DAAB90080E7D7 /* Muli-SemiBold.ttf */; };
		A1F1FBB4288DAAB90080E7D7 /* Muli-SemiBold.ttf in Resources */ = {isa = PBXBuildFile; fileRef = A1F1FB9C288DAAB90080E7D7 /* Muli-SemiBold.ttf */; };
		A1F1FBB5288DAAB90080E7D7 /* Muli-BlackItalic.ttf in Resources */ = {isa = PBXBuildFile; fileRef = A1F1FB9D288DAAB90080E7D7 /* Muli-BlackItalic.ttf */; };
		A1F1FBB6288DAAB90080E7D7 /* Muli-BlackItalic.ttf in Resources */ = {isa = PBXBuildFile; fileRef = A1F1FB9D288DAAB90080E7D7 /* Muli-BlackItalic.ttf */; };
		A1F1FBB7288DAAB90080E7D7 /* Muli-Light.ttf in Resources */ = {isa = PBXBuildFile; fileRef = A1F1FB9E288DAAB90080E7D7 /* Muli-Light.ttf */; };
		A1F1FBB8288DAAB90080E7D7 /* Muli-Light.ttf in Resources */ = {isa = PBXBuildFile; fileRef = A1F1FB9E288DAAB90080E7D7 /* Muli-Light.ttf */; };
		A1F1FBB9288DAAB90080E7D7 /* Muli.ttf in Resources */ = {isa = PBXBuildFile; fileRef = A1F1FB9F288DAAB90080E7D7 /* Muli.ttf */; };
		A1F1FBBA288DAAB90080E7D7 /* Muli.ttf in Resources */ = {isa = PBXBuildFile; fileRef = A1F1FB9F288DAAB90080E7D7 /* Muli.ttf */; };
		A1F1FBBB288DAAB90080E7D7 /* Muli-LightItalic.ttf in Resources */ = {isa = PBXBuildFile; fileRef = A1F1FBA0288DAAB90080E7D7 /* Muli-LightItalic.ttf */; };
		A1F1FBBC288DAAB90080E7D7 /* Muli-LightItalic.ttf in Resources */ = {isa = PBXBuildFile; fileRef = A1F1FBA0288DAAB90080E7D7 /* Muli-LightItalic.ttf */; };
		A1F1FBBE288DABA10080E7D7 /* Date+Extension.swift in Sources */ = {isa = PBXBuildFile; fileRef = A1F1FBBD288DABA10080E7D7 /* Date+Extension.swift */; };
		A1F1FBBF288DABA10080E7D7 /* Date+Extension.swift in Sources */ = {isa = PBXBuildFile; fileRef = A1F1FBBD288DABA10080E7D7 /* Date+Extension.swift */; };
		A1F1FBC1288DAC430080E7D7 /* Locale+Extension.swift in Sources */ = {isa = PBXBuildFile; fileRef = A1F1FBC0288DAC430080E7D7 /* Locale+Extension.swift */; };
		A1F1FBC2288DAC430080E7D7 /* Locale+Extension.swift in Sources */ = {isa = PBXBuildFile; fileRef = A1F1FBC0288DAC430080E7D7 /* Locale+Extension.swift */; };
		A1F1FBC6288E1D4C0080E7D7 /* MapView.swift in Sources */ = {isa = PBXBuildFile; fileRef = A1F1FBC5288E1D4C0080E7D7 /* MapView.swift */; };
		A1F1FBC7288E1D4C0080E7D7 /* MapView.swift in Sources */ = {isa = PBXBuildFile; fileRef = A1F1FBC5288E1D4C0080E7D7 /* MapView.swift */; };
		A1F1FBC9288EF3A00080E7D7 /* UIColor+Extension.swift in Sources */ = {isa = PBXBuildFile; fileRef = A1F1FBC8288EF3A00080E7D7 /* UIColor+Extension.swift */; };
		A1F1FBCA288EF3A00080E7D7 /* UIColor+Extension.swift in Sources */ = {isa = PBXBuildFile; fileRef = A1F1FBC8288EF3A00080E7D7 /* UIColor+Extension.swift */; };
/* End PBXBuildFile section */

/* Begin PBXContainerItemProxy section */
		A1F1FB53288D49C80080E7D7 /* PBXContainerItemProxy */ = {
			isa = PBXContainerItemProxy;
			containerPortal = A1F1FB3A288D49C70080E7D7 /* Project object */;
			proxyType = 1;
			remoteGlobalIDString = A1F1FB41288D49C70080E7D7;
			remoteInfo = TripManagerSwiftUI;
		};
		A1F1FB5D288D49C80080E7D7 /* PBXContainerItemProxy */ = {
			isa = PBXContainerItemProxy;
			containerPortal = A1F1FB3A288D49C70080E7D7 /* Project object */;
			proxyType = 1;
			remoteGlobalIDString = A1F1FB41288D49C70080E7D7;
			remoteInfo = TripManagerSwiftUI;
		};
/* End PBXContainerItemProxy section */

/* Begin PBXFileReference section */
		A10D6DA6289042E500751F37 /* CustomMapView.swift */ = {isa = PBXFileReference; lastKnownFileType = sourcecode.swift; path = CustomMapView.swift; sourceTree = "<group>"; };
		A10D6DA82890431200751F37 /* MapViewAnnotationProtocol.swift */ = {isa = PBXFileReference; lastKnownFileType = sourcecode.swift; path = MapViewAnnotationProtocol.swift; sourceTree = "<group>"; };
		A10D6DAD289064DA00751F37 /* DetailView.swift */ = {isa = PBXFileReference; lastKnownFileType = sourcecode.swift; path = DetailView.swift; sourceTree = "<group>"; };
		A10D6DB02890666900751F37 /* Color+Extension.swift.swift */ = {isa = PBXFileReference; lastKnownFileType = sourcecode.swift; path = "Color+Extension.swift.swift"; sourceTree = "<group>"; };
		A10D6DB32890748D00751F37 /* LoadingView.swift */ = {isa = PBXFileReference; lastKnownFileType = sourcecode.swift; path = LoadingView.swift; sourceTree = "<group>"; };
		A10D6DB6289075AF00751F37 /* ErrorView.swift */ = {isa = PBXFileReference; lastKnownFileType = sourcecode.swift; path = ErrorView.swift; sourceTree = "<group>"; };
		A10D6DBA2890845B00751F37 /* Blur.swift */ = {isa = PBXFileReference; lastKnownFileType = sourcecode.swift; path = Blur.swift; sourceTree = "<group>"; };
		A10D6DC028908ACA00751F37 /* ContactView.swift */ = {isa = PBXFileReference; lastKnownFileType = sourcecode.swift; path = ContactView.swift; sourceTree = "<group>"; };
		A10D6DC328908CA500751F37 /* ContactViewModel.swift */ = {isa = PBXFileReference; lastKnownFileType = sourcecode.swift; path = ContactViewModel.swift; sourceTree = "<group>"; };
		A10D6DC62890A65100751F37 /* EnvironmentValues+Extension.swift */ = {isa = PBXFileReference; lastKnownFileType = sourcecode.swift; path = "EnvironmentValues+Extension.swift"; sourceTree = "<group>"; };
		A10D6DC92890A73D00751F37 /* UIViewController+Extension.swift */ = {isa = PBXFileReference; lastKnownFileType = sourcecode.swift; path = "UIViewController+Extension.swift"; sourceTree = "<group>"; };
		A10D6DCE2890B3D800751F37 /* main.xcdatamodel */ = {isa = PBXFileReference; lastKnownFileType = wrapper.xcdatamodel; path = main.xcdatamodel; sourceTree = "<group>"; };
		A10D6DD12890B51100751F37 /* Contacts+CoreDataClass.swift */ = {isa = PBXFileReference; lastKnownFileType = sourcecode.swift; path = "Contacts+CoreDataClass.swift"; sourceTree = "<group>"; };
		A10D6DD22890B51100751F37 /* Contacts+CoreDataProperties.swift */ = {isa = PBXFileReference; lastKnownFileType = sourcecode.swift; path = "Contacts+CoreDataProperties.swift"; sourceTree = "<group>"; };
		A10D6DD72890C41B00751F37 /* CoreDataStack.swift */ = {isa = PBXFileReference; lastKnownFileType = sourcecode.swift; path = CoreDataStack.swift; sourceTree = "<group>"; };
		A1F1FB42288D49C70080E7D7 /* TripManagerSwiftUI.app */ = {isa = PBXFileReference; explicitFileType = wrapper.application; includeInIndex = 0; path = TripManagerSwiftUI.app; sourceTree = BUILT_PRODUCTS_DIR; };
		A1F1FB45288D49C70080E7D7 /* TripManagerSwiftUIApp.swift */ = {isa = PBXFileReference; lastKnownFileType = sourcecode.swift; path = TripManagerSwiftUIApp.swift; sourceTree = "<group>"; };
		A1F1FB49288D49C80080E7D7 /* Assets.xcassets */ = {isa = PBXFileReference; lastKnownFileType = folder.assetcatalog; path = Assets.xcassets; sourceTree = "<group>"; };
		A1F1FB4C288D49C80080E7D7 /* Preview Assets.xcassets */ = {isa = PBXFileReference; lastKnownFileType = folder.assetcatalog; path = "Preview Assets.xcassets"; sourceTree = "<group>"; };
		A1F1FB52288D49C80080E7D7 /* TripManagerSwiftUITests.xctest */ = {isa = PBXFileReference; explicitFileType = wrapper.cfbundle; includeInIndex = 0; path = TripManagerSwiftUITests.xctest; sourceTree = BUILT_PRODUCTS_DIR; };
		A1F1FB56288D49C80080E7D7 /* TripManagerSwiftUITests.swift */ = {isa = PBXFileReference; lastKnownFileType = sourcecode.swift; path = TripManagerSwiftUITests.swift; sourceTree = "<group>"; };
		A1F1FB5C288D49C80080E7D7 /* TripManagerSwiftUIUITests.xctest */ = {isa = PBXFileReference; explicitFileType = wrapper.cfbundle; includeInIndex = 0; path = TripManagerSwiftUIUITests.xctest; sourceTree = BUILT_PRODUCTS_DIR; };
		A1F1FB60288D49C80080E7D7 /* TripManagerSwiftUIUITests.swift */ = {isa = PBXFileReference; lastKnownFileType = sourcecode.swift; path = TripManagerSwiftUIUITests.swift; sourceTree = "<group>"; };
		A1F1FB62288D49C80080E7D7 /* TripManagerSwiftUIUITestsLaunchTests.swift */ = {isa = PBXFileReference; lastKnownFileType = sourcecode.swift; path = TripManagerSwiftUIUITestsLaunchTests.swift; sourceTree = "<group>"; };
		A1F1FB77288D4C780080E7D7 /* TripListView.swift */ = {isa = PBXFileReference; lastKnownFileType = sourcecode.swift; path = TripListView.swift; sourceTree = "<group>"; };
		A1F1FB79288D4CB80080E7D7 /* TripListViewModel.swift */ = {isa = PBXFileReference; lastKnownFileType = sourcecode.swift; path = TripListViewModel.swift; sourceTree = "<group>"; };
		A1F1FB7B288D58370080E7D7 /* TripsModel.swift */ = {isa = PBXFileReference; lastKnownFileType = sourcecode.swift; path = TripsModel.swift; sourceTree = "<group>"; };
		A1F1FB7E288D58F90080E7D7 /* TripListDataSource.swift */ = {isa = PBXFileReference; lastKnownFileType = sourcecode.swift; path = TripListDataSource.swift; sourceTree = "<group>"; };
		A1F1FB82288D5AFE0080E7D7 /* NetworkUtils.swift */ = {isa = PBXFileReference; lastKnownFileType = sourcecode.swift; path = NetworkUtils.swift; sourceTree = "<group>"; };
		A1F1FB86288D77CD0080E7D7 /* URLRequest+Extension.swift */ = {isa = PBXFileReference; lastKnownFileType = sourcecode.swift; path = "URLRequest+Extension.swift"; sourceTree = "<group>"; };
		A1F1FB89288D88830080E7D7 /* Info.plist */ = {isa = PBXFileReference; lastKnownFileType = text.plist; path = Info.plist; sourceTree = "<group>"; };
		A1F1FB8A288DA0240080E7D7 /* TripListViewCell.swift */ = {isa = PBXFileReference; lastKnownFileType = sourcecode.swift; path = TripListViewCell.swift; sourceTree = "<group>"; };
		A1F1FB8D288DA7AA0080E7D7 /* String+Extension.swift */ = {isa = PBXFileReference; lastKnownFileType = sourcecode.swift; path = "String+Extension.swift"; sourceTree = "<group>"; };
		A1F1FB93288DAAB90080E7D7 /* Muli-ExtraLight.ttf */ = {isa = PBXFileReference; lastKnownFileType = file; path = "Muli-ExtraLight.ttf"; sourceTree = "<group>"; };
		A1F1FB94288DAAB90080E7D7 /* Muli-ExtraLightItalic.ttf */ = {isa = PBXFileReference; lastKnownFileType = file; path = "Muli-ExtraLightItalic.ttf"; sourceTree = "<group>"; };
		A1F1FB95288DAAB90080E7D7 /* Muli-BoldItalic.ttf */ = {isa = PBXFileReference; lastKnownFileType = file; path = "Muli-BoldItalic.ttf"; sourceTree = "<group>"; };
		A1F1FB96288DAAB90080E7D7 /* Muli-Black.ttf */ = {isa = PBXFileReference; lastKnownFileType = file; path = "Muli-Black.ttf"; sourceTree = "<group>"; };
		A1F1FB97288DAAB90080E7D7 /* Muli-Semi-BoldItalic.ttf */ = {isa = PBXFileReference; lastKnownFileType = file; path = "Muli-Semi-BoldItalic.ttf"; sourceTree = "<group>"; };
		A1F1FB98288DAAB90080E7D7 /* Muli-ExtraBold.ttf */ = {isa = PBXFileReference; lastKnownFileType = file; path = "Muli-ExtraBold.ttf"; sourceTree = "<group>"; };
		A1F1FB99288DAAB90080E7D7 /* Muli-Bold.ttf */ = {isa = PBXFileReference; lastKnownFileType = file; path = "Muli-Bold.ttf"; sourceTree = "<group>"; };
		A1F1FB9A288DAAB90080E7D7 /* Muli-ExtraBoldItalic.ttf */ = {isa = PBXFileReference; lastKnownFileType = file; path = "Muli-ExtraBoldItalic.ttf"; sourceTree = "<group>"; };
		A1F1FB9B288DAAB90080E7D7 /* Muli-Italic.ttf */ = {isa = PBXFileReference; lastKnownFileType = file; path = "Muli-Italic.ttf"; sourceTree = "<group>"; };
		A1F1FB9C288DAAB90080E7D7 /* Muli-SemiBold.ttf */ = {isa = PBXFileReference; lastKnownFileType = file; path = "Muli-SemiBold.ttf"; sourceTree = "<group>"; };
		A1F1FB9D288DAAB90080E7D7 /* Muli-BlackItalic.ttf */ = {isa = PBXFileReference; lastKnownFileType = file; path = "Muli-BlackItalic.ttf"; sourceTree = "<group>"; };
		A1F1FB9E288DAAB90080E7D7 /* Muli-Light.ttf */ = {isa = PBXFileReference; lastKnownFileType = file; path = "Muli-Light.ttf"; sourceTree = "<group>"; };
		A1F1FB9F288DAAB90080E7D7 /* Muli.ttf */ = {isa = PBXFileReference; lastKnownFileType = file; path = Muli.ttf; sourceTree = "<group>"; };
		A1F1FBA0288DAAB90080E7D7 /* Muli-LightItalic.ttf */ = {isa = PBXFileReference; lastKnownFileType = file; path = "Muli-LightItalic.ttf"; sourceTree = "<group>"; };
		A1F1FBBD288DABA10080E7D7 /* Date+Extension.swift */ = {isa = PBXFileReference; lastKnownFileType = sourcecode.swift; path = "Date+Extension.swift"; sourceTree = "<group>"; };
		A1F1FBC0288DAC430080E7D7 /* Locale+Extension.swift */ = {isa = PBXFileReference; lastKnownFileType = sourcecode.swift; path = "Locale+Extension.swift"; sourceTree = "<group>"; };
		A1F1FBC5288E1D4C0080E7D7 /* MapView.swift */ = {isa = PBXFileReference; lastKnownFileType = sourcecode.swift; path = MapView.swift; sourceTree = "<group>"; };
		A1F1FBC8288EF3A00080E7D7 /* UIColor+Extension.swift */ = {isa = PBXFileReference; lastKnownFileType = sourcecode.swift; path = "UIColor+Extension.swift"; sourceTree = "<group>"; };
/* End PBXFileReference section */

/* Begin PBXFrameworksBuildPhase section */
		A1F1FB3F288D49C70080E7D7 /* Frameworks */ = {
			isa = PBXFrameworksBuildPhase;
			buildActionMask = 2147483647;
			files = (
			);
			runOnlyForDeploymentPostprocessing = 0;
		};
		A1F1FB4F288D49C80080E7D7 /* Frameworks */ = {
			isa = PBXFrameworksBuildPhase;
			buildActionMask = 2147483647;
			files = (
			);
			runOnlyForDeploymentPostprocessing = 0;
		};
		A1F1FB59288D49C80080E7D7 /* Frameworks */ = {
			isa = PBXFrameworksBuildPhase;
			buildActionMask = 2147483647;
			files = (
			);
			runOnlyForDeploymentPostprocessing = 0;
		};
/* End PBXFrameworksBuildPhase section */

/* Begin PBXGroup section */
		A10D6DAB289064B000751F37 /* Detail */ = {
			isa = PBXGroup;
			children = (
				A10D6DAC289064C900751F37 /* View */,
			);
			path = Detail;
			sourceTree = "<group>";
		};
		A10D6DAC289064C900751F37 /* View */ = {
			isa = PBXGroup;
			children = (
				A10D6DAD289064DA00751F37 /* DetailView.swift */,
			);
			path = View;
			sourceTree = "<group>";
		};
		A10D6DB9289075DE00751F37 /* View */ = {
			isa = PBXGroup;
			children = (
				A10D6DB6289075AF00751F37 /* ErrorView.swift */,
				A10D6DB32890748D00751F37 /* LoadingView.swift */,
				A10D6DBA2890845B00751F37 /* Blur.swift */,
			);
			path = View;
			sourceTree = "<group>";
		};
		A10D6DBD28908A9000751F37 /* Contact */ = {
			isa = PBXGroup;
			children = (
				A10D6DBF28908AAA00751F37 /* ViewModel */,
				A10D6DBE28908AA200751F37 /* View */,
			);
			path = Contact;
			sourceTree = "<group>";
		};
		A10D6DBE28908AA200751F37 /* View */ = {
			isa = PBXGroup;
			children = (
				A10D6DC028908ACA00751F37 /* ContactView.swift */,
			);
			path = View;
			sourceTree = "<group>";
		};
		A10D6DBF28908AAA00751F37 /* ViewModel */ = {
			isa = PBXGroup;
			children = (
				A10D6DC328908CA500751F37 /* ContactViewModel.swift */,
			);
			path = ViewModel;
			sourceTree = "<group>";
		};
		A10D6DCC2890B38600751F37 /* CoreData */ = {
			isa = PBXGroup;
			children = (
				A10D6DD12890B51100751F37 /* Contacts+CoreDataClass.swift */,
				A10D6DD22890B51100751F37 /* Contacts+CoreDataProperties.swift */,
				A10D6DCD2890B3D800751F37 /* main.xcdatamodeld */,
				A10D6DD72890C41B00751F37 /* CoreDataStack.swift */,
			);
			path = CoreData;
			sourceTree = "<group>";
		};
		A1F1FB39288D49C70080E7D7 = {
			isa = PBXGroup;
			children = (
				A1F1FB44288D49C70080E7D7 /* TripManagerSwiftUI */,
				A1F1FB55288D49C80080E7D7 /* TripManagerSwiftUITests */,
				A1F1FB5F288D49C80080E7D7 /* TripManagerSwiftUIUITests */,
				A1F1FB43288D49C70080E7D7 /* Products */,
			);
			sourceTree = "<group>";
		};
		A1F1FB43288D49C70080E7D7 /* Products */ = {
			isa = PBXGroup;
			children = (
				A1F1FB42288D49C70080E7D7 /* TripManagerSwiftUI.app */,
				A1F1FB52288D49C80080E7D7 /* TripManagerSwiftUITests.xctest */,
				A1F1FB5C288D49C80080E7D7 /* TripManagerSwiftUIUITests.xctest */,
			);
			name = Products;
			sourceTree = "<group>";
		};
		A1F1FB44288D49C70080E7D7 /* TripManagerSwiftUI */ = {
			isa = PBXGroup;
			children = (
				A1F1FB89288D88830080E7D7 /* Info.plist */,
				A1F1FB90288DAA820080E7D7 /* Resource */,
				A1F1FB6F288D4AF60080E7D7 /* Modules */,
				A1F1FB45288D49C70080E7D7 /* TripManagerSwiftUIApp.swift */,
				A1F1FB49288D49C80080E7D7 /* Assets.xcassets */,
				A1F1FB4B288D49C80080E7D7 /* Preview Content */,
			);
			path = TripManagerSwiftUI;
			sourceTree = "<group>";
		};
		A1F1FB4B288D49C80080E7D7 /* Preview Content */ = {
			isa = PBXGroup;
			children = (
				A1F1FB4C288D49C80080E7D7 /* Preview Assets.xcassets */,
			);
			path = "Preview Content";
			sourceTree = "<group>";
		};
		A1F1FB55288D49C80080E7D7 /* TripManagerSwiftUITests */ = {
			isa = PBXGroup;
			children = (
				A1F1FB56288D49C80080E7D7 /* TripManagerSwiftUITests.swift */,
			);
			path = TripManagerSwiftUITests;
			sourceTree = "<group>";
		};
		A1F1FB5F288D49C80080E7D7 /* TripManagerSwiftUIUITests */ = {
			isa = PBXGroup;
			children = (
				A1F1FB60288D49C80080E7D7 /* TripManagerSwiftUIUITests.swift */,
				A1F1FB62288D49C80080E7D7 /* TripManagerSwiftUIUITestsLaunchTests.swift */,
			);
			path = TripManagerSwiftUIUITests;
			sourceTree = "<group>";
		};
		A1F1FB6F288D4AF60080E7D7 /* Modules */ = {
			isa = PBXGroup;
			children = (
				A10D6DCC2890B38600751F37 /* CoreData */,
				A10D6DBD28908A9000751F37 /* Contact */,
				A10D6DAB289064B000751F37 /* Detail */,
				A1F1FBC3288E1D2F0080E7D7 /* Map */,
				A1F1FB85288D77B30080E7D7 /* Extension */,
				A1F1FB81288D5A800080E7D7 /* Commons */,
				A1F1FB70288D4AFF0080E7D7 /* List */,
			);
			path = Modules;
			sourceTree = "<group>";
		};
		A1F1FB70288D4AFF0080E7D7 /* List */ = {
			isa = PBXGroup;
			children = (
				A1F1FB74288D4B3B0080E7D7 /* Model */,
				A1F1FB73288D4B340080E7D7 /* DataSource */,
				A1F1FB72288D4B2F0080E7D7 /* ViewModel */,
				A1F1FB71288D4B290080E7D7 /* View */,
			);
			path = List;
			sourceTree = "<group>";
		};
		A1F1FB71288D4B290080E7D7 /* View */ = {
			isa = PBXGroup;
			children = (
				A1F1FB77288D4C780080E7D7 /* TripListView.swift */,
				A1F1FB8A288DA0240080E7D7 /* TripListViewCell.swift */,
			);
			path = View;
			sourceTree = "<group>";
		};
		A1F1FB72288D4B2F0080E7D7 /* ViewModel */ = {
			isa = PBXGroup;
			children = (
				A1F1FB79288D4CB80080E7D7 /* TripListViewModel.swift */,
			);
			path = ViewModel;
			sourceTree = "<group>";
		};
		A1F1FB73288D4B340080E7D7 /* DataSource */ = {
			isa = PBXGroup;
			children = (
				A1F1FB7E288D58F90080E7D7 /* TripListDataSource.swift */,
			);
			path = DataSource;
			sourceTree = "<group>";
		};
		A1F1FB74288D4B3B0080E7D7 /* Model */ = {
			isa = PBXGroup;
			children = (
				A1F1FB7B288D58370080E7D7 /* TripsModel.swift */,
			);
			path = Model;
			sourceTree = "<group>";
		};
		A1F1FB81288D5A800080E7D7 /* Commons */ = {
			isa = PBXGroup;
			children = (
				A10D6DB9289075DE00751F37 /* View */,
				A1F1FB82288D5AFE0080E7D7 /* NetworkUtils.swift */,
			);
			path = Commons;
			sourceTree = "<group>";
		};
		A1F1FB85288D77B30080E7D7 /* Extension */ = {
			isa = PBXGroup;
			children = (
				A1F1FB86288D77CD0080E7D7 /* URLRequest+Extension.swift */,
				A1F1FB8D288DA7AA0080E7D7 /* String+Extension.swift */,
				A1F1FBBD288DABA10080E7D7 /* Date+Extension.swift */,
				A1F1FBC0288DAC430080E7D7 /* Locale+Extension.swift */,
				A1F1FBC8288EF3A00080E7D7 /* UIColor+Extension.swift */,
				A10D6DB02890666900751F37 /* Color+Extension.swift.swift */,
				A10D6DC62890A65100751F37 /* EnvironmentValues+Extension.swift */,
				A10D6DC92890A73D00751F37 /* UIViewController+Extension.swift */,
			);
			path = Extension;
			sourceTree = "<group>";
		};
		A1F1FB90288DAA820080E7D7 /* Resource */ = {
			isa = PBXGroup;
			children = (
				A1F1FB91288DAA8C0080E7D7 /* Fonts */,
			);
			path = Resource;
			sourceTree = "<group>";
		};
		A1F1FB91288DAA8C0080E7D7 /* Fonts */ = {
			isa = PBXGroup;
			children = (
				A1F1FB92288DAAB90080E7D7 /* Muli */,
			);
			path = Fonts;
			sourceTree = "<group>";
		};
		A1F1FB92288DAAB90080E7D7 /* Muli */ = {
			isa = PBXGroup;
			children = (
				A1F1FB93288DAAB90080E7D7 /* Muli-ExtraLight.ttf */,
				A1F1FB94288DAAB90080E7D7 /* Muli-ExtraLightItalic.ttf */,
				A1F1FB95288DAAB90080E7D7 /* Muli-BoldItalic.ttf */,
				A1F1FB96288DAAB90080E7D7 /* Muli-Black.ttf */,
				A1F1FB97288DAAB90080E7D7 /* Muli-Semi-BoldItalic.ttf */,
				A1F1FB98288DAAB90080E7D7 /* Muli-ExtraBold.ttf */,
				A1F1FB99288DAAB90080E7D7 /* Muli-Bold.ttf */,
				A1F1FB9A288DAAB90080E7D7 /* Muli-ExtraBoldItalic.ttf */,
				A1F1FB9B288DAAB90080E7D7 /* Muli-Italic.ttf */,
				A1F1FB9C288DAAB90080E7D7 /* Muli-SemiBold.ttf */,
				A1F1FB9D288DAAB90080E7D7 /* Muli-BlackItalic.ttf */,
				A1F1FB9E288DAAB90080E7D7 /* Muli-Light.ttf */,
				A1F1FB9F288DAAB90080E7D7 /* Muli.ttf */,
				A1F1FBA0288DAAB90080E7D7 /* Muli-LightItalic.ttf */,
			);
			path = Muli;
			sourceTree = "<group>";
		};
		A1F1FBC3288E1D2F0080E7D7 /* Map */ = {
			isa = PBXGroup;
			children = (
				A1F1FBC4288E1D3A0080E7D7 /* View */,
			);
			path = Map;
			sourceTree = "<group>";
		};
		A1F1FBC4288E1D3A0080E7D7 /* View */ = {
			isa = PBXGroup;
			children = (
				A1F1FBC5288E1D4C0080E7D7 /* MapView.swift */,
				A10D6DA6289042E500751F37 /* CustomMapView.swift */,
				A10D6DA82890431200751F37 /* MapViewAnnotationProtocol.swift */,
			);
			path = View;
			sourceTree = "<group>";
		};
/* End PBXGroup section */

/* Begin PBXNativeTarget section */
		A1F1FB41288D49C70080E7D7 /* TripManagerSwiftUI */ = {
			isa = PBXNativeTarget;
			buildConfigurationList = A1F1FB66288D49C80080E7D7 /* Build configuration list for PBXNativeTarget "TripManagerSwiftUI" */;
			buildPhases = (
				A1F1FB3E288D49C70080E7D7 /* Sources */,
				A1F1FB3F288D49C70080E7D7 /* Frameworks */,
				A1F1FB40288D49C70080E7D7 /* Resources */,
			);
			buildRules = (
			);
			dependencies = (
			);
			name = TripManagerSwiftUI;
			productName = TripManagerSwiftUI;
			productReference = A1F1FB42288D49C70080E7D7 /* TripManagerSwiftUI.app */;
			productType = "com.apple.product-type.application";
		};
		A1F1FB51288D49C80080E7D7 /* TripManagerSwiftUITests */ = {
			isa = PBXNativeTarget;
			buildConfigurationList = A1F1FB69288D49C80080E7D7 /* Build configuration list for PBXNativeTarget "TripManagerSwiftUITests" */;
			buildPhases = (
				A1F1FB4E288D49C80080E7D7 /* Sources */,
				A1F1FB4F288D49C80080E7D7 /* Frameworks */,
				A1F1FB50288D49C80080E7D7 /* Resources */,
			);
			buildRules = (
			);
			dependencies = (
				A1F1FB54288D49C80080E7D7 /* PBXTargetDependency */,
			);
			name = TripManagerSwiftUITests;
			productName = TripManagerSwiftUITests;
			productReference = A1F1FB52288D49C80080E7D7 /* TripManagerSwiftUITests.xctest */;
			productType = "com.apple.product-type.bundle.unit-test";
		};
		A1F1FB5B288D49C80080E7D7 /* TripManagerSwiftUIUITests */ = {
			isa = PBXNativeTarget;
			buildConfigurationList = A1F1FB6C288D49C80080E7D7 /* Build configuration list for PBXNativeTarget "TripManagerSwiftUIUITests" */;
			buildPhases = (
				A1F1FB58288D49C80080E7D7 /* Sources */,
				A1F1FB59288D49C80080E7D7 /* Frameworks */,
				A1F1FB5A288D49C80080E7D7 /* Resources */,
			);
			buildRules = (
			);
			dependencies = (
				A1F1FB5E288D49C80080E7D7 /* PBXTargetDependency */,
			);
			name = TripManagerSwiftUIUITests;
			productName = TripManagerSwiftUIUITests;
			productReference = A1F1FB5C288D49C80080E7D7 /* TripManagerSwiftUIUITests.xctest */;
			productType = "com.apple.product-type.bundle.ui-testing";
		};
/* End PBXNativeTarget section */

/* Begin PBXProject section */
		A1F1FB3A288D49C70080E7D7 /* Project object */ = {
			isa = PBXProject;
			attributes = {
				BuildIndependentTargetsInParallel = 1;
				LastSwiftUpdateCheck = 1330;
				LastUpgradeCheck = 1330;
				TargetAttributes = {
					A1F1FB41288D49C70080E7D7 = {
						CreatedOnToolsVersion = 13.3.1;
					};
					A1F1FB51288D49C80080E7D7 = {
						CreatedOnToolsVersion = 13.3.1;
						TestTargetID = A1F1FB41288D49C70080E7D7;
					};
					A1F1FB5B288D49C80080E7D7 = {
						CreatedOnToolsVersion = 13.3.1;
						TestTargetID = A1F1FB41288D49C70080E7D7;
					};
				};
			};
			buildConfigurationList = A1F1FB3D288D49C70080E7D7 /* Build configuration list for PBXProject "TripManagerSwiftUI" */;
			compatibilityVersion = "Xcode 13.0";
			developmentRegion = en;
			hasScannedForEncodings = 0;
			knownRegions = (
				en,
				Base,
			);
			mainGroup = A1F1FB39288D49C70080E7D7;
			productRefGroup = A1F1FB43288D49C70080E7D7 /* Products */;
			projectDirPath = "";
			projectRoot = "";
			targets = (
				A1F1FB41288D49C70080E7D7 /* TripManagerSwiftUI */,
				A1F1FB51288D49C80080E7D7 /* TripManagerSwiftUITests */,
				A1F1FB5B288D49C80080E7D7 /* TripManagerSwiftUIUITests */,
			);
		};
/* End PBXProject section */

/* Begin PBXResourcesBuildPhase section */
		A1F1FB40288D49C70080E7D7 /* Resources */ = {
			isa = PBXResourcesBuildPhase;
			buildActionMask = 2147483647;
			files = (
				A1F1FBB3288DAAB90080E7D7 /* Muli-SemiBold.ttf in Resources */,
				A1F1FBB1288DAAB90080E7D7 /* Muli-Italic.ttf in Resources */,
				A1F1FBBB288DAAB90080E7D7 /* Muli-LightItalic.ttf in Resources */,
				A1F1FBAD288DAAB90080E7D7 /* Muli-Bold.ttf in Resources */,
				A1F1FBA9288DAAB90080E7D7 /* Muli-Semi-BoldItalic.ttf in Resources */,
				A1F1FBA5288DAAB90080E7D7 /* Muli-BoldItalic.ttf in Resources */,
				A1F1FBB5288DAAB90080E7D7 /* Muli-BlackItalic.ttf in Resources */,
				A1F1FBB9288DAAB90080E7D7 /* Muli.ttf in Resources */,
				A1F1FBB7288DAAB90080E7D7 /* Muli-Light.ttf in Resources */,
				A1F1FB4D288D49C80080E7D7 /* Preview Assets.xcassets in Resources */,
				A1F1FBA1288DAAB90080E7D7 /* Muli-ExtraLight.ttf in Resources */,
				A1F1FBAF288DAAB90080E7D7 /* Muli-ExtraBoldItalic.ttf in Resources */,
				A1F1FB4A288D49C80080E7D7 /* Assets.xcassets in Resources */,
				A1F1FBA3288DAAB90080E7D7 /* Muli-ExtraLightItalic.ttf in Resources */,
				A1F1FBA7288DAAB90080E7D7 /* Muli-Black.ttf in Resources */,
				A1F1FBAB288DAAB90080E7D7 /* Muli-ExtraBold.ttf in Resources */,
			);
			runOnlyForDeploymentPostprocessing = 0;
		};
		A1F1FB50288D49C80080E7D7 /* Resources */ = {
			isa = PBXResourcesBuildPhase;
			buildActionMask = 2147483647;
			files = (
				A1F1FBA6288DAAB90080E7D7 /* Muli-BoldItalic.ttf in Resources */,
				A1F1FBA2288DAAB90080E7D7 /* Muli-ExtraLight.ttf in Resources */,
				A1F1FBBC288DAAB90080E7D7 /* Muli-LightItalic.ttf in Resources */,
				A1F1FBA4288DAAB90080E7D7 /* Muli-ExtraLightItalic.ttf in Resources */,
				A1F1FBB6288DAAB90080E7D7 /* Muli-BlackItalic.ttf in Resources */,
				A1F1FBB0288DAAB90080E7D7 /* Muli-ExtraBoldItalic.ttf in Resources */,
				A1F1FBB4288DAAB90080E7D7 /* Muli-SemiBold.ttf in Resources */,
				A1F1FBB2288DAAB90080E7D7 /* Muli-Italic.ttf in Resources */,
				A1F1FBAA288DAAB90080E7D7 /* Muli-Semi-BoldItalic.ttf in Resources */,
				A1F1FBA8288DAAB90080E7D7 /* Muli-Black.ttf in Resources */,
				A1F1FBAE288DAAB90080E7D7 /* Muli-Bold.ttf in Resources */,
				A1F1FBB8288DAAB90080E7D7 /* Muli-Light.ttf in Resources */,
				A1F1FBAC288DAAB90080E7D7 /* Muli-ExtraBold.ttf in Resources */,
				A1F1FBBA288DAAB90080E7D7 /* Muli.ttf in Resources */,
			);
			runOnlyForDeploymentPostprocessing = 0;
		};
		A1F1FB5A288D49C80080E7D7 /* Resources */ = {
			isa = PBXResourcesBuildPhase;
			buildActionMask = 2147483647;
			files = (
			);
			runOnlyForDeploymentPostprocessing = 0;
		};
/* End PBXResourcesBuildPhase section */

/* Begin PBXSourcesBuildPhase section */
		A1F1FB3E288D49C70080E7D7 /* Sources */ = {
			isa = PBXSourcesBuildPhase;
			buildActionMask = 2147483647;
			files = (
				A10D6DCA2890A73D00751F37 /* UIViewController+Extension.swift in Sources */,
				A1F1FB78288D4C780080E7D7 /* TripListView.swift in Sources */,
				A10D6DC428908CA500751F37 /* ContactViewModel.swift in Sources */,
				A1F1FBC6288E1D4C0080E7D7 /* MapView.swift in Sources */,
				A10D6DBB2890845B00751F37 /* Blur.swift in Sources */,
				A10D6DB7289075AF00751F37 /* ErrorView.swift in Sources */,
				A10D6DC128908ACA00751F37 /* ContactView.swift in Sources */,
				A10D6DD82890C41B00751F37 /* CoreDataStack.swift in Sources */,
				A1F1FB8E288DA7AA0080E7D7 /* String+Extension.swift in Sources */,
				A1F1FBC1288DAC430080E7D7 /* Locale+Extension.swift in Sources */,
				A10D6DCF2890B3D800751F37 /* main.xcdatamodeld in Sources */,
				A10D6DD32890B51100751F37 /* Contacts+CoreDataClass.swift in Sources */,
				A10D6DD52890B51100751F37 /* Contacts+CoreDataProperties.swift in Sources */,
				A10D6DB12890666900751F37 /* Color+Extension.swift.swift in Sources */,
				A10D6DA7289042E500751F37 /* CustomMapView.swift in Sources */,
				A1F1FB87288D77CD0080E7D7 /* URLRequest+Extension.swift in Sources */,
				A1F1FB46288D49C70080E7D7 /* TripManagerSwiftUIApp.swift in Sources */,
				A1F1FB7F288D58F90080E7D7 /* TripListDataSource.swift in Sources */,
				A10D6DA92890431200751F37 /* MapViewAnnotationProtocol.swift in Sources */,
				A10D6DAE289064DA00751F37 /* DetailView.swift in Sources */,
				A1F1FBBE288DABA10080E7D7 /* Date+Extension.swift in Sources */,
				A1F1FB7A288D4CB80080E7D7 /* TripListViewModel.swift in Sources */,
				A1F1FB83288D5AFE0080E7D7 /* NetworkUtils.swift in Sources */,
				A10D6DC72890A65100751F37 /* EnvironmentValues+Extension.swift in Sources */,
				A1F1FBC9288EF3A00080E7D7 /* UIColor+Extension.swift in Sources */,
				A1F1FB7C288D58370080E7D7 /* TripsModel.swift in Sources */,
				A1F1FB8B288DA0240080E7D7 /* TripListViewCell.swift in Sources */,
				A10D6DB42890748D00751F37 /* LoadingView.swift in Sources */,
			);
			runOnlyForDeploymentPostprocessing = 0;
		};
		A1F1FB4E288D49C80080E7D7 /* Sources */ = {
			isa = PBXSourcesBuildPhase;
			buildActionMask = 2147483647;
			files = (
				A1F1FB88288D77CD0080E7D7 /* URLRequest+Extension.swift in Sources */,
				A1F1FBC2288DAC430080E7D7 /* Locale+Extension.swift in Sources */,
				A10D6DD62890B51100751F37 /* Contacts+CoreDataProperties.swift in Sources */,
				A1F1FB8F288DA7AA0080E7D7 /* String+Extension.swift in Sources */,
				A1F1FBCA288EF3A00080E7D7 /* UIColor+Extension.swift in Sources */,
				A1F1FB84288D5AFE0080E7D7 /* NetworkUtils.swift in Sources */,
				A10D6DD42890B51100751F37 /* Contacts+CoreDataClass.swift in Sources */,
				A1F1FB80288D58F90080E7D7 /* TripListDataSource.swift in Sources */,
				A10D6DBC2890845B00751F37 /* Blur.swift in Sources */,
				A1F1FB7D288D58370080E7D7 /* TripsModel.swift in Sources */,
				A10D6DD02890B3D800751F37 /* main.xcdatamodeld in Sources */,
				A10D6DC528908CA500751F37 /* ContactViewModel.swift in Sources */,
				A10D6DAF289064DA00751F37 /* DetailView.swift in Sources */,
				A10D6DB52890748D00751F37 /* LoadingView.swift in Sources */,
				A1F1FBBF288DABA10080E7D7 /* Date+Extension.swift in Sources */,
				A10D6DAA2890431200751F37 /* MapViewAnnotationProtocol.swift in Sources */,
				A1F1FBC7288E1D4C0080E7D7 /* MapView.swift in Sources */,
				A10D6DC228908ACA00751F37 /* ContactView.swift in Sources */,
				A1F1FB57288D49C80080E7D7 /* TripManagerSwiftUITests.swift in Sources */,
				A10D6DB22890666900751F37 /* Color+Extension.swift.swift in Sources */,
				A10D6DD92890C41B00751F37 /* CoreDataStack.swift in Sources */,
				A1F1FB8C288DA0240080E7D7 /* TripListViewCell.swift in Sources */,
				A10D6DCB2890A73D00751F37 /* UIViewController+Extension.swift in Sources */,
				A10D6DB8289075AF00751F37 /* ErrorView.swift in Sources */,
				A10D6DC82890A65100751F37 /* EnvironmentValues+Extension.swift in Sources */,
			);
			runOnlyForDeploymentPostprocessing = 0;
		};
		A1F1FB58288D49C80080E7D7 /* Sources */ = {
			isa = PBXSourcesBuildPhase;
			buildActionMask = 2147483647;
			files = (
				A1F1FB61288D49C80080E7D7 /* TripManagerSwiftUIUITests.swift in Sources */,
				A1F1FB63288D49C80080E7D7 /* TripManagerSwiftUIUITestsLaunchTests.swift in Sources */,
			);
			runOnlyForDeploymentPostprocessing = 0;
		};
/* End PBXSourcesBuildPhase section */

/* Begin PBXTargetDependency section */
		A1F1FB54288D49C80080E7D7 /* PBXTargetDependency */ = {
			isa = PBXTargetDependency;
			target = A1F1FB41288D49C70080E7D7 /* TripManagerSwiftUI */;
			targetProxy = A1F1FB53288D49C80080E7D7 /* PBXContainerItemProxy */;
		};
		A1F1FB5E288D49C80080E7D7 /* PBXTargetDependency */ = {
			isa = PBXTargetDependency;
			target = A1F1FB41288D49C70080E7D7 /* TripManagerSwiftUI */;
			targetProxy = A1F1FB5D288D49C80080E7D7 /* PBXContainerItemProxy */;
		};
/* End PBXTargetDependency section */

/* Begin XCBuildConfiguration section */
		A1F1FB64288D49C80080E7D7 /* Debug */ = {
			isa = XCBuildConfiguration;
			buildSettings = {
				ALWAYS_SEARCH_USER_PATHS = NO;
				CLANG_ANALYZER_NONNULL = YES;
				CLANG_ANALYZER_NUMBER_OBJECT_CONVERSION = YES_AGGRESSIVE;
				CLANG_CXX_LANGUAGE_STANDARD = "gnu++17";
				CLANG_ENABLE_MODULES = YES;
				CLANG_ENABLE_OBJC_ARC = YES;
				CLANG_ENABLE_OBJC_WEAK = YES;
				CLANG_WARN_BLOCK_CAPTURE_AUTORELEASING = YES;
				CLANG_WARN_BOOL_CONVERSION = YES;
				CLANG_WARN_COMMA = YES;
				CLANG_WARN_CONSTANT_CONVERSION = YES;
				CLANG_WARN_DEPRECATED_OBJC_IMPLEMENTATIONS = YES;
				CLANG_WARN_DIRECT_OBJC_ISA_USAGE = YES_ERROR;
				CLANG_WARN_DOCUMENTATION_COMMENTS = YES;
				CLANG_WARN_EMPTY_BODY = YES;
				CLANG_WARN_ENUM_CONVERSION = YES;
				CLANG_WARN_INFINITE_RECURSION = YES;
				CLANG_WARN_INT_CONVERSION = YES;
				CLANG_WARN_NON_LITERAL_NULL_CONVERSION = YES;
				CLANG_WARN_OBJC_IMPLICIT_RETAIN_SELF = YES;
				CLANG_WARN_OBJC_LITERAL_CONVERSION = YES;
				CLANG_WARN_OBJC_ROOT_CLASS = YES_ERROR;
				CLANG_WARN_QUOTED_INCLUDE_IN_FRAMEWORK_HEADER = YES;
				CLANG_WARN_RANGE_LOOP_ANALYSIS = YES;
				CLANG_WARN_STRICT_PROTOTYPES = YES;
				CLANG_WARN_SUSPICIOUS_MOVE = YES;
				CLANG_WARN_UNGUARDED_AVAILABILITY = YES_AGGRESSIVE;
				CLANG_WARN_UNREACHABLE_CODE = YES;
				CLANG_WARN__DUPLICATE_METHOD_MATCH = YES;
				COPY_PHASE_STRIP = NO;
				DEBUG_INFORMATION_FORMAT = dwarf;
				ENABLE_STRICT_OBJC_MSGSEND = YES;
				ENABLE_TESTABILITY = YES;
				GCC_C_LANGUAGE_STANDARD = gnu11;
				GCC_DYNAMIC_NO_PIC = NO;
				GCC_NO_COMMON_BLOCKS = YES;
				GCC_OPTIMIZATION_LEVEL = 0;
				GCC_PREPROCESSOR_DEFINITIONS = (
					"DEBUG=1",
					"$(inherited)",
				);
				GCC_WARN_64_TO_32_BIT_CONVERSION = YES;
				GCC_WARN_ABOUT_RETURN_TYPE = YES_ERROR;
				GCC_WARN_UNDECLARED_SELECTOR = YES;
				GCC_WARN_UNINITIALIZED_AUTOS = YES_AGGRESSIVE;
				GCC_WARN_UNUSED_FUNCTION = YES;
				GCC_WARN_UNUSED_VARIABLE = YES;
				IPHONEOS_DEPLOYMENT_TARGET = 15.4;
				MTL_ENABLE_DEBUG_INFO = INCLUDE_SOURCE;
				MTL_FAST_MATH = YES;
				ONLY_ACTIVE_ARCH = YES;
				SDKROOT = iphoneos;
				SWIFT_ACTIVE_COMPILATION_CONDITIONS = DEBUG;
				SWIFT_OPTIMIZATION_LEVEL = "-Onone";
			};
			name = Debug;
		};
		A1F1FB65288D49C80080E7D7 /* Release */ = {
			isa = XCBuildConfiguration;
			buildSettings = {
				ALWAYS_SEARCH_USER_PATHS = NO;
				CLANG_ANALYZER_NONNULL = YES;
				CLANG_ANALYZER_NUMBER_OBJECT_CONVERSION = YES_AGGRESSIVE;
				CLANG_CXX_LANGUAGE_STANDARD = "gnu++17";
				CLANG_ENABLE_MODULES = YES;
				CLANG_ENABLE_OBJC_ARC = YES;
				CLANG_ENABLE_OBJC_WEAK = YES;
				CLANG_WARN_BLOCK_CAPTURE_AUTORELEASING = YES;
				CLANG_WARN_BOOL_CONVERSION = YES;
				CLANG_WARN_COMMA = YES;
				CLANG_WARN_CONSTANT_CONVERSION = YES;
				CLANG_WARN_DEPRECATED_OBJC_IMPLEMENTATIONS = YES;
				CLANG_WARN_DIRECT_OBJC_ISA_USAGE = YES_ERROR;
				CLANG_WARN_DOCUMENTATION_COMMENTS = YES;
				CLANG_WARN_EMPTY_BODY = YES;
				CLANG_WARN_ENUM_CONVERSION = YES;
				CLANG_WARN_INFINITE_RECURSION = YES;
				CLANG_WARN_INT_CONVERSION = YES;
				CLANG_WARN_NON_LITERAL_NULL_CONVERSION = YES;
				CLANG_WARN_OBJC_IMPLICIT_RETAIN_SELF = YES;
				CLANG_WARN_OBJC_LITERAL_CONVERSION = YES;
				CLANG_WARN_OBJC_ROOT_CLASS = YES_ERROR;
				CLANG_WARN_QUOTED_INCLUDE_IN_FRAMEWORK_HEADER = YES;
				CLANG_WARN_RANGE_LOOP_ANALYSIS = YES;
				CLANG_WARN_STRICT_PROTOTYPES = YES;
				CLANG_WARN_SUSPICIOUS_MOVE = YES;
				CLANG_WARN_UNGUARDED_AVAILABILITY = YES_AGGRESSIVE;
				CLANG_WARN_UNREACHABLE_CODE = YES;
				CLANG_WARN__DUPLICATE_METHOD_MATCH = YES;
				COPY_PHASE_STRIP = NO;
				DEBUG_INFORMATION_FORMAT = "dwarf-with-dsym";
				ENABLE_NS_ASSERTIONS = NO;
				ENABLE_STRICT_OBJC_MSGSEND = YES;
				GCC_C_LANGUAGE_STANDARD = gnu11;
				GCC_NO_COMMON_BLOCKS = YES;
				GCC_WARN_64_TO_32_BIT_CONVERSION = YES;
				GCC_WARN_ABOUT_RETURN_TYPE = YES_ERROR;
				GCC_WARN_UNDECLARED_SELECTOR = YES;
				GCC_WARN_UNINITIALIZED_AUTOS = YES_AGGRESSIVE;
				GCC_WARN_UNUSED_FUNCTION = YES;
				GCC_WARN_UNUSED_VARIABLE = YES;
				IPHONEOS_DEPLOYMENT_TARGET = 15.4;
				MTL_ENABLE_DEBUG_INFO = NO;
				MTL_FAST_MATH = YES;
				SDKROOT = iphoneos;
				SWIFT_COMPILATION_MODE = wholemodule;
				SWIFT_OPTIMIZATION_LEVEL = "-O";
				VALIDATE_PRODUCT = YES;
			};
			name = Release;
		};
		A1F1FB67288D49C80080E7D7 /* Debug */ = {
			isa = XCBuildConfiguration;
			buildSettings = {
				ASSETCATALOG_COMPILER_APPICON_NAME = AppIcon;
				ASSETCATALOG_COMPILER_GLOBAL_ACCENT_COLOR_NAME = AccentColor;
				CODE_SIGN_STYLE = Automatic;
				CURRENT_PROJECT_VERSION = 1;
				DEVELOPMENT_ASSET_PATHS = "\"TripManagerSwiftUI/Preview Content\"";
				ENABLE_PREVIEWS = YES;
				GENERATE_INFOPLIST_FILE = YES;
				INFOPLIST_FILE = TripManagerSwiftUI/Info.plist;
				INFOPLIST_KEY_UIApplicationSceneManifest_Generation = YES;
				INFOPLIST_KEY_UIApplicationSupportsIndirectInputEvents = YES;
				INFOPLIST_KEY_UILaunchScreen_Generation = YES;
				INFOPLIST_KEY_UISupportedInterfaceOrientations_iPad = "UIInterfaceOrientationPortrait UIInterfaceOrientationPortraitUpsideDown UIInterfaceOrientationLandscapeLeft UIInterfaceOrientationLandscapeRight";
				INFOPLIST_KEY_UISupportedInterfaceOrientations_iPhone = "UIInterfaceOrientationPortrait UIInterfaceOrientationLandscapeLeft UIInterfaceOrientationLandscapeRight";
				LD_RUNPATH_SEARCH_PATHS = (
					"$(inherited)",
					"@executable_path/Frameworks",
				);
				MARKETING_VERSION = 1.0;
				PRODUCT_BUNDLE_IDENTIFIER = com.jonashioapps.TripManagerSwiftUI;
				PRODUCT_NAME = "$(TARGET_NAME)";
				SWIFT_EMIT_LOC_STRINGS = YES;
				SWIFT_VERSION = 5.0;
				TARGETED_DEVICE_FAMILY = "1,2";
			};
			name = Debug;
		};
		A1F1FB68288D49C80080E7D7 /* Release */ = {
			isa = XCBuildConfiguration;
			buildSettings = {
				ASSETCATALOG_COMPILER_APPICON_NAME = AppIcon;
				ASSETCATALOG_COMPILER_GLOBAL_ACCENT_COLOR_NAME = AccentColor;
				CODE_SIGN_STYLE = Automatic;
				CURRENT_PROJECT_VERSION = 1;
				DEVELOPMENT_ASSET_PATHS = "\"TripManagerSwiftUI/Preview Content\"";
				ENABLE_PREVIEWS = YES;
				GENERATE_INFOPLIST_FILE = YES;
				INFOPLIST_FILE = TripManagerSwiftUI/Info.plist;
				INFOPLIST_KEY_UIApplicationSceneManifest_Generation = YES;
				INFOPLIST_KEY_UIApplicationSupportsIndirectInputEvents = YES;
				INFOPLIST_KEY_UILaunchScreen_Generation = YES;
				INFOPLIST_KEY_UISupportedInterfaceOrientations_iPad = "UIInterfaceOrientationPortrait UIInterfaceOrientationPortraitUpsideDown UIInterfaceOrientationLandscapeLeft UIInterfaceOrientationLandscapeRight";
				INFOPLIST_KEY_UISupportedInterfaceOrientations_iPhone = "UIInterfaceOrientationPortrait UIInterfaceOrientationLandscapeLeft UIInterfaceOrientationLandscapeRight";
				LD_RUNPATH_SEARCH_PATHS = (
					"$(inherited)",
					"@executable_path/Frameworks",
				);
				MARKETING_VERSION = 1.0;
				PRODUCT_BUNDLE_IDENTIFIER = com.jonashioapps.TripManagerSwiftUI;
				PRODUCT_NAME = "$(TARGET_NAME)";
				SWIFT_EMIT_LOC_STRINGS = YES;
				SWIFT_VERSION = 5.0;
				TARGETED_DEVICE_FAMILY = "1,2";
			};
			name = Release;
		};
		A1F1FB6A288D49C80080E7D7 /* Debug */ = {
			isa = XCBuildConfiguration;
			buildSettings = {
				ALWAYS_EMBED_SWIFT_STANDARD_LIBRARIES = YES;
				BUNDLE_LOADER = "$(TEST_HOST)";
				CODE_SIGN_STYLE = Automatic;
				CURRENT_PROJECT_VERSION = 1;
				GENERATE_INFOPLIST_FILE = YES;
				IPHONEOS_DEPLOYMENT_TARGET = 15.4;
				MARKETING_VERSION = 1.0;
				PRODUCT_BUNDLE_IDENTIFIER = com.jonashioapps.TripManagerSwiftUITests;
				PRODUCT_NAME = "$(TARGET_NAME)";
				SWIFT_EMIT_LOC_STRINGS = NO;
				SWIFT_VERSION = 5.0;
				TARGETED_DEVICE_FAMILY = "1,2";
				TEST_HOST = "$(BUILT_PRODUCTS_DIR)/TripManagerSwiftUI.app/TripManagerSwiftUI";
			};
			name = Debug;
		};
		A1F1FB6B288D49C80080E7D7 /* Release */ = {
			isa = XCBuildConfiguration;
			buildSettings = {
				ALWAYS_EMBED_SWIFT_STANDARD_LIBRARIES = YES;
				BUNDLE_LOADER = "$(TEST_HOST)";
				CODE_SIGN_STYLE = Automatic;
				CURRENT_PROJECT_VERSION = 1;
				GENERATE_INFOPLIST_FILE = YES;
				IPHONEOS_DEPLOYMENT_TARGET = 15.4;
				MARKETING_VERSION = 1.0;
				PRODUCT_BUNDLE_IDENTIFIER = com.jonashioapps.TripManagerSwiftUITests;
				PRODUCT_NAME = "$(TARGET_NAME)";
				SWIFT_EMIT_LOC_STRINGS = NO;
				SWIFT_VERSION = 5.0;
				TARGETED_DEVICE_FAMILY = "1,2";
				TEST_HOST = "$(BUILT_PRODUCTS_DIR)/TripManagerSwiftUI.app/TripManagerSwiftUI";
			};
			name = Release;
		};
		A1F1FB6D288D49C80080E7D7 /* Debug */ = {
			isa = XCBuildConfiguration;
			buildSettings = {
				ALWAYS_EMBED_SWIFT_STANDARD_LIBRARIES = YES;
				CODE_SIGN_STYLE = Automatic;
				CURRENT_PROJECT_VERSION = 1;
				GENERATE_INFOPLIST_FILE = YES;
				MARKETING_VERSION = 1.0;
				PRODUCT_BUNDLE_IDENTIFIER = com.jonashioapps.TripManagerSwiftUIUITests;
				PRODUCT_NAME = "$(TARGET_NAME)";
				SWIFT_EMIT_LOC_STRINGS = NO;
				SWIFT_VERSION = 5.0;
				TARGETED_DEVICE_FAMILY = "1,2";
				TEST_TARGET_NAME = TripManagerSwiftUI;
			};
			name = Debug;
		};
		A1F1FB6E288D49C80080E7D7 /* Release */ = {
			isa = XCBuildConfiguration;
			buildSettings = {
				ALWAYS_EMBED_SWIFT_STANDARD_LIBRARIES = YES;
				CODE_SIGN_STYLE = Automatic;
				CURRENT_PROJECT_VERSION = 1;
				GENERATE_INFOPLIST_FILE = YES;
				MARKETING_VERSION = 1.0;
				PRODUCT_BUNDLE_IDENTIFIER = com.jonashioapps.TripManagerSwiftUIUITests;
				PRODUCT_NAME = "$(TARGET_NAME)";
				SWIFT_EMIT_LOC_STRINGS = NO;
				SWIFT_VERSION = 5.0;
				TARGETED_DEVICE_FAMILY = "1,2";
				TEST_TARGET_NAME = TripManagerSwiftUI;
			};
			name = Release;
		};
/* End XCBuildConfiguration section */

/* Begin XCConfigurationList section */
		A1F1FB3D288D49C70080E7D7 /* Build configuration list for PBXProject "TripManagerSwiftUI" */ = {
			isa = XCConfigurationList;
			buildConfigurations = (
				A1F1FB64288D49C80080E7D7 /* Debug */,
				A1F1FB65288D49C80080E7D7 /* Release */,
			);
			defaultConfigurationIsVisible = 0;
			defaultConfigurationName = Release;
		};
		A1F1FB66288D49C80080E7D7 /* Build configuration list for PBXNativeTarget "TripManagerSwiftUI" */ = {
			isa = XCConfigurationList;
			buildConfigurations = (
				A1F1FB67288D49C80080E7D7 /* Debug */,
				A1F1FB68288D49C80080E7D7 /* Release */,
			);
			defaultConfigurationIsVisible = 0;
			defaultConfigurationName = Release;
		};
		A1F1FB69288D49C80080E7D7 /* Build configuration list for PBXNativeTarget "TripManagerSwiftUITests" */ = {
			isa = XCConfigurationList;
			buildConfigurations = (
				A1F1FB6A288D49C80080E7D7 /* Debug */,
				A1F1FB6B288D49C80080E7D7 /* Release */,
			);
			defaultConfigurationIsVisible = 0;
			defaultConfigurationName = Release;
		};
		A1F1FB6C288D49C80080E7D7 /* Build configuration list for PBXNativeTarget "TripManagerSwiftUIUITests" */ = {
			isa = XCConfigurationList;
			buildConfigurations = (
				A1F1FB6D288D49C80080E7D7 /* Debug */,
				A1F1FB6E288D49C80080E7D7 /* Release */,
			);
			defaultConfigurationIsVisible = 0;
			defaultConfigurationName = Release;
		};
/* End XCConfigurationList section */

/* Begin XCVersionGroup section */
		A10D6DCD2890B3D800751F37 /* main.xcdatamodeld */ = {
			isa = XCVersionGroup;
			children = (
				A10D6DCE2890B3D800751F37 /* main.xcdatamodel */,
			);
			currentVersion = A10D6DCE2890B3D800751F37 /* main.xcdatamodel */;
			path = main.xcdatamodeld;
			sourceTree = "<group>";
			versionGroupType = wrapper.xcdatamodel;
		};
/* End XCVersionGroup section */
	};
	rootObject = A1F1FB3A288D49C70080E7D7 /* Project object */;
}
