// !$*UTF8*$!
{
	archiveVersion = 1;
	classes = {
	};
	objectVersion = 55;
	objects = {

/* Begin PBXBuildFile section */
		A1F1FACE288D45DD0080E7D7 /* AppDelegate.swift in Sources */ = {isa = PBXBuildFile; fileRef = A1F1FACD288D45DD0080E7D7 /* AppDelegate.swift */; };
		A1F1FAD0288D45DD0080E7D7 /* SceneDelegate.swift in Sources */ = {isa = PBXBuildFile; fileRef = A1F1FACF288D45DD0080E7D7 /* SceneDelegate.swift */; };
		A1F1FAD2288D45DD0080E7D7 /* ViewController.swift in Sources */ = {isa = PBXBuildFile; fileRef = A1F1FAD1288D45DD0080E7D7 /* ViewController.swift */; };
		A1F1FAD5288D45DD0080E7D7 /* Main.storyboard in Resources */ = {isa = PBXBuildFile; fileRef = A1F1FAD3288D45DD0080E7D7 /* Main.storyboard */; };
		A1F1FAD7288D45E00080E7D7 /* Assets.xcassets in Resources */ = {isa = PBXBuildFile; fileRef = A1F1FAD6288D45E00080E7D7 /* Assets.xcassets */; };
		A1F1FADA288D45E00080E7D7 /* LaunchScreen.storyboard in Resources */ = {isa = PBXBuildFile; fileRef = A1F1FAD8288D45E00080E7D7 /* LaunchScreen.storyboard */; };
		A1F1FAE5288D45E00080E7D7 /* TripManagerSwiftUITests.swift in Sources */ = {isa = PBXBuildFile; fileRef = A1F1FAE4288D45E00080E7D7 /* TripManagerSwiftUITests.swift */; };
		A1F1FAEF288D45E00080E7D7 /* TripManagerSwiftUIUITests.swift in Sources */ = {isa = PBXBuildFile; fileRef = A1F1FAEE288D45E00080E7D7 /* TripManagerSwiftUIUITests.swift */; };
		A1F1FAF1288D45E00080E7D7 /* TripManagerSwiftUIUITestsLaunchTests.swift in Sources */ = {isa = PBXBuildFile; fileRef = A1F1FAF0288D45E00080E7D7 /* TripManagerSwiftUIUITestsLaunchTests.swift */; };
/* End PBXBuildFile section */

/* Begin PBXContainerItemProxy section */
		A1F1FAE1288D45E00080E7D7 /* PBXContainerItemProxy */ = {
			isa = PBXContainerItemProxy;
			containerPortal = A1F1FAC2288D45DC0080E7D7 /* Project object */;
			proxyType = 1;
			remoteGlobalIDString = A1F1FAC9288D45DD0080E7D7;
			remoteInfo = TripManagerSwiftUI;
		};
		A1F1FAEB288D45E00080E7D7 /* PBXContainerItemProxy */ = {
			isa = PBXContainerItemProxy;
			containerPortal = A1F1FAC2288D45DC0080E7D7 /* Project object */;
			proxyType = 1;
			remoteGlobalIDString = A1F1FAC9288D45DD0080E7D7;
			remoteInfo = TripManagerSwiftUI;
		};
/* End PBXContainerItemProxy section */

/* Begin PBXFileReference section */
		A1F1FACA288D45DD0080E7D7 /* TripManagerSwiftUI.app */ = {isa = PBXFileReference; explicitFileType = wrapper.application; includeInIndex = 0; path = TripManagerSwiftUI.app; sourceTree = BUILT_PRODUCTS_DIR; };
		A1F1FACD288D45DD0080E7D7 /* AppDelegate.swift */ = {isa = PBXFileReference; lastKnownFileType = sourcecode.swift; path = AppDelegate.swift; sourceTree = "<group>"; };
		A1F1FACF288D45DD0080E7D7 /* SceneDelegate.swift */ = {isa = PBXFileReference; lastKnownFileType = sourcecode.swift; path = SceneDelegate.swift; sourceTree = "<group>"; };
		A1F1FAD1288D45DD0080E7D7 /* ViewController.swift */ = {isa = PBXFileReference; lastKnownFileType = sourcecode.swift; path = ViewController.swift; sourceTree = "<group>"; };
		A1F1FAD4288D45DD0080E7D7 /* Base */ = {isa = PBXFileReference; lastKnownFileType = file.storyboard; name = Base; path = Base.lproj/Main.storyboard; sourceTree = "<group>"; };
		A1F1FAD6288D45E00080E7D7 /* Assets.xcassets */ = {isa = PBXFileReference; lastKnownFileType = folder.assetcatalog; path = Assets.xcassets; sourceTree = "<group>"; };
		A1F1FAD9288D45E00080E7D7 /* Base */ = {isa = PBXFileReference; lastKnownFileType = file.storyboard; name = Base; path = Base.lproj/LaunchScreen.storyboard; sourceTree = "<group>"; };
		A1F1FADB288D45E00080E7D7 /* Info.plist */ = {isa = PBXFileReference; lastKnownFileType = text.plist.xml; path = Info.plist; sourceTree = "<group>"; };
		A1F1FAE0288D45E00080E7D7 /* TripManagerSwiftUITests.xctest */ = {isa = PBXFileReference; explicitFileType = wrapper.cfbundle; includeInIndex = 0; path = TripManagerSwiftUITests.xctest; sourceTree = BUILT_PRODUCTS_DIR; };
		A1F1FAE4288D45E00080E7D7 /* TripManagerSwiftUITests.swift */ = {isa = PBXFileReference; lastKnownFileType = sourcecode.swift; path = TripManagerSwiftUITests.swift; sourceTree = "<group>"; };
		A1F1FAEA288D45E00080E7D7 /* TripManagerSwiftUIUITests.xctest */ = {isa = PBXFileReference; explicitFileType = wrapper.cfbundle; includeInIndex = 0; path = TripManagerSwiftUIUITests.xctest; sourceTree = BUILT_PRODUCTS_DIR; };
		A1F1FAEE288D45E00080E7D7 /* TripManagerSwiftUIUITests.swift */ = {isa = PBXFileReference; lastKnownFileType = sourcecode.swift; path = TripManagerSwiftUIUITests.swift; sourceTree = "<group>"; };
		A1F1FAF0288D45E00080E7D7 /* TripManagerSwiftUIUITestsLaunchTests.swift */ = {isa = PBXFileReference; lastKnownFileType = sourcecode.swift; path = TripManagerSwiftUIUITestsLaunchTests.swift; sourceTree = "<group>"; };
/* End PBXFileReference section */

/* Begin PBXFrameworksBuildPhase section */
		A1F1FAC7288D45DD0080E7D7 /* Frameworks */ = {
			isa = PBXFrameworksBuildPhase;
			buildActionMask = 2147483647;
			files = (
			);
			runOnlyForDeploymentPostprocessing = 0;
		};
		A1F1FADD288D45E00080E7D7 /* Frameworks */ = {
			isa = PBXFrameworksBuildPhase;
			buildActionMask = 2147483647;
			files = (
			);
			runOnlyForDeploymentPostprocessing = 0;
		};
		A1F1FAE7288D45E00080E7D7 /* Frameworks */ = {
			isa = PBXFrameworksBuildPhase;
			buildActionMask = 2147483647;
			files = (
			);
			runOnlyForDeploymentPostprocessing = 0;
		};
/* End PBXFrameworksBuildPhase section */

/* Begin PBXGroup section */
		A1F1FAC1288D45DC0080E7D7 = {
			isa = PBXGroup;
			children = (
				A1F1FACC288D45DD0080E7D7 /* TripManagerSwiftUI */,
				A1F1FAE3288D45E00080E7D7 /* TripManagerSwiftUITests */,
				A1F1FAED288D45E00080E7D7 /* TripManagerSwiftUIUITests */,
				A1F1FACB288D45DD0080E7D7 /* Products */,
			);
			sourceTree = "<group>";
		};
		A1F1FACB288D45DD0080E7D7 /* Products */ = {
			isa = PBXGroup;
			children = (
				A1F1FACA288D45DD0080E7D7 /* TripManagerSwiftUI.app */,
				A1F1FAE0288D45E00080E7D7 /* TripManagerSwiftUITests.xctest */,
				A1F1FAEA288D45E00080E7D7 /* TripManagerSwiftUIUITests.xctest */,
			);
			name = Products;
			sourceTree = "<group>";
		};
		A1F1FACC288D45DD0080E7D7 /* TripManagerSwiftUI */ = {
			isa = PBXGroup;
			children = (
				A1F1FACD288D45DD0080E7D7 /* AppDelegate.swift */,
				A1F1FACF288D45DD0080E7D7 /* SceneDelegate.swift */,
				A1F1FAD1288D45DD0080E7D7 /* ViewController.swift */,
				A1F1FAD3288D45DD0080E7D7 /* Main.storyboard */,
				A1F1FAD6288D45E00080E7D7 /* Assets.xcassets */,
				A1F1FAD8288D45E00080E7D7 /* LaunchScreen.storyboard */,
				A1F1FADB288D45E00080E7D7 /* Info.plist */,
			);
			path = TripManagerSwiftUI;
			sourceTree = "<group>";
		};
		A1F1FAE3288D45E00080E7D7 /* TripManagerSwiftUITests */ = {
			isa = PBXGroup;
			children = (
				A1F1FAE4288D45E00080E7D7 /* TripManagerSwiftUITests.swift */,
			);
			path = TripManagerSwiftUITests;
			sourceTree = "<group>";
		};
		A1F1FAED288D45E00080E7D7 /* TripManagerSwiftUIUITests */ = {
			isa = PBXGroup;
			children = (
				A1F1FAEE288D45E00080E7D7 /* TripManagerSwiftUIUITests.swift */,
				A1F1FAF0288D45E00080E7D7 /* TripManagerSwiftUIUITestsLaunchTests.swift */,
			);
			path = TripManagerSwiftUIUITests;
			sourceTree = "<group>";
		};
/* End PBXGroup section */

/* Begin PBXNativeTarget section */
		A1F1FAC9288D45DD0080E7D7 /* TripManagerSwiftUI */ = {
			isa = PBXNativeTarget;
			buildConfigurationList = A1F1FAF4288D45E00080E7D7 /* Build configuration list for PBXNativeTarget "TripManagerSwiftUI" */;
			buildPhases = (
				A1F1FAC6288D45DD0080E7D7 /* Sources */,
				A1F1FAC7288D45DD0080E7D7 /* Frameworks */,
				A1F1FAC8288D45DD0080E7D7 /* Resources */,
			);
			buildRules = (
			);
			dependencies = (
			);
			name = TripManagerSwiftUI;
			productName = TripManagerSwiftUI;
			productReference = A1F1FACA288D45DD0080E7D7 /* TripManagerSwiftUI.app */;
			productType = "com.apple.product-type.application";
		};
		A1F1FADF288D45E00080E7D7 /* TripManagerSwiftUITests */ = {
			isa = PBXNativeTarget;
			buildConfigurationList = A1F1FAF7288D45E00080E7D7 /* Build configuration list for PBXNativeTarget "TripManagerSwiftUITests" */;
			buildPhases = (
				A1F1FADC288D45E00080E7D7 /* Sources */,
				A1F1FADD288D45E00080E7D7 /* Frameworks */,
				A1F1FADE288D45E00080E7D7 /* Resources */,
			);
			buildRules = (
			);
			dependencies = (
				A1F1FAE2288D45E00080E7D7 /* PBXTargetDependency */,
			);
			name = TripManagerSwiftUITests;
			productName = TripManagerSwiftUITests;
			productReference = A1F1FAE0288D45E00080E7D7 /* TripManagerSwiftUITests.xctest */;
			productType = "com.apple.product-type.bundle.unit-test";
		};
		A1F1FAE9288D45E00080E7D7 /* TripManagerSwiftUIUITests */ = {
			isa = PBXNativeTarget;
			buildConfigurationList = A1F1FAFA288D45E00080E7D7 /* Build configuration list for PBXNativeTarget "TripManagerSwiftUIUITests" */;
			buildPhases = (
				A1F1FAE6288D45E00080E7D7 /* Sources */,
				A1F1FAE7288D45E00080E7D7 /* Frameworks */,
				A1F1FAE8288D45E00080E7D7 /* Resources */,
			);
			buildRules = (
			);
			dependencies = (
				A1F1FAEC288D45E00080E7D7 /* PBXTargetDependency */,
			);
			name = TripManagerSwiftUIUITests;
			productName = TripManagerSwiftUIUITests;
			productReference = A1F1FAEA288D45E00080E7D7 /* TripManagerSwiftUIUITests.xctest */;
			productType = "com.apple.product-type.bundle.ui-testing";
		};
/* End PBXNativeTarget section */

/* Begin PBXProject section */
		A1F1FAC2288D45DC0080E7D7 /* Project object */ = {
			isa = PBXProject;
			attributes = {
				BuildIndependentTargetsInParallel = 1;
				LastSwiftUpdateCheck = 1330;
				LastUpgradeCheck = 1330;
				TargetAttributes = {
					A1F1FAC9288D45DD0080E7D7 = {
						CreatedOnToolsVersion = 13.3.1;
					};
					A1F1FADF288D45E00080E7D7 = {
						CreatedOnToolsVersion = 13.3.1;
						TestTargetID = A1F1FAC9288D45DD0080E7D7;
					};
					A1F1FAE9288D45E00080E7D7 = {
						CreatedOnToolsVersion = 13.3.1;
						TestTargetID = A1F1FAC9288D45DD0080E7D7;
					};
				};
			};
			buildConfigurationList = A1F1FAC5288D45DC0080E7D7 /* Build configuration list for PBXProject "TripManagerSwiftUI" */;
			compatibilityVersion = "Xcode 13.0";
			developmentRegion = en;
			hasScannedForEncodings = 0;
			knownRegions = (
				en,
				Base,
			);
			mainGroup = A1F1FAC1288D45DC0080E7D7;
			productRefGroup = A1F1FACB288D45DD0080E7D7 /* Products */;
			projectDirPath = "";
			projectRoot = "";
			targets = (
				A1F1FAC9288D45DD0080E7D7 /* TripManagerSwiftUI */,
				A1F1FADF288D45E00080E7D7 /* TripManagerSwiftUITests */,
				A1F1FAE9288D45E00080E7D7 /* TripManagerSwiftUIUITests */,
			);
		};
/* End PBXProject section */

/* Begin PBXResourcesBuildPhase section */
		A1F1FAC8288D45DD0080E7D7 /* Resources */ = {
			isa = PBXResourcesBuildPhase;
			buildActionMask = 2147483647;
			files = (
				A1F1FADA288D45E00080E7D7 /* LaunchScreen.storyboard in Resources */,
				A1F1FAD7288D45E00080E7D7 /* Assets.xcassets in Resources */,
				A1F1FAD5288D45DD0080E7D7 /* Main.storyboard in Resources */,
			);
			runOnlyForDeploymentPostprocessing = 0;
		};
		A1F1FADE288D45E00080E7D7 /* Resources */ = {
			isa = PBXResourcesBuildPhase;
			buildActionMask = 2147483647;
			files = (
			);
			runOnlyForDeploymentPostprocessing = 0;
		};
		A1F1FAE8288D45E00080E7D7 /* Resources */ = {
			isa = PBXResourcesBuildPhase;
			buildActionMask = 2147483647;
			files = (
			);
			runOnlyForDeploymentPostprocessing = 0;
		};
/* End PBXResourcesBuildPhase section */

/* Begin PBXSourcesBuildPhase section */
		A1F1FAC6288D45DD0080E7D7 /* Sources */ = {
			isa = PBXSourcesBuildPhase;
			buildActionMask = 2147483647;
			files = (
				A1F1FAD2288D45DD0080E7D7 /* ViewController.swift in Sources */,
				A1F1FACE288D45DD0080E7D7 /* AppDelegate.swift in Sources */,
				A1F1FAD0288D45DD0080E7D7 /* SceneDelegate.swift in Sources */,
			);
			runOnlyForDeploymentPostprocessing = 0;
		};
		A1F1FADC288D45E00080E7D7 /* Sources */ = {
			isa = PBXSourcesBuildPhase;
			buildActionMask = 2147483647;
			files = (
				A1F1FAE5288D45E00080E7D7 /* TripManagerSwiftUITests.swift in Sources */,
			);
			runOnlyForDeploymentPostprocessing = 0;
		};
		A1F1FAE6288D45E00080E7D7 /* Sources */ = {
			isa = PBXSourcesBuildPhase;
			buildActionMask = 2147483647;
			files = (
				A1F1FAEF288D45E00080E7D7 /* TripManagerSwiftUIUITests.swift in Sources */,
				A1F1FAF1288D45E00080E7D7 /* TripManagerSwiftUIUITestsLaunchTests.swift in Sources */,
			);
			runOnlyForDeploymentPostprocessing = 0;
		};
/* End PBXSourcesBuildPhase section */

/* Begin PBXTargetDependency section */
		A1F1FAE2288D45E00080E7D7 /* PBXTargetDependency */ = {
			isa = PBXTargetDependency;
			target = A1F1FAC9288D45DD0080E7D7 /* TripManagerSwiftUI */;
			targetProxy = A1F1FAE1288D45E00080E7D7 /* PBXContainerItemProxy */;
		};
		A1F1FAEC288D45E00080E7D7 /* PBXTargetDependency */ = {
			isa = PBXTargetDependency;
			target = A1F1FAC9288D45DD0080E7D7 /* TripManagerSwiftUI */;
			targetProxy = A1F1FAEB288D45E00080E7D7 /* PBXContainerItemProxy */;
		};
/* End PBXTargetDependency section */

/* Begin PBXVariantGroup section */
		A1F1FAD3288D45DD0080E7D7 /* Main.storyboard */ = {
			isa = PBXVariantGroup;
			children = (
				A1F1FAD4288D45DD0080E7D7 /* Base */,
			);
			name = Main.storyboard;
			sourceTree = "<group>";
		};
		A1F1FAD8288D45E00080E7D7 /* LaunchScreen.storyboard */ = {
			isa = PBXVariantGroup;
			children = (
				A1F1FAD9288D45E00080E7D7 /* Base */,
			);
			name = LaunchScreen.storyboard;
			sourceTree = "<group>";
		};
/* End PBXVariantGroup section */

/* Begin XCBuildConfiguration section */
		A1F1FAF2288D45E00080E7D7 /* Debug */ = {
			isa = XCBuildConfiguration;
			buildSettings = {
				ALWAYS_SEARCH_USER_PATHS = NO;
				CLANG_ANALYZER_NONNULL = YES;
				CLANG_ANALYZER_NUMBER_OBJECT_CONVERSION = YES_AGGRESSIVE;
				CLANG_CXX_LANGUAGE_STANDARD = "gnu++17";
				CLANG_ENABLE_MODULES = YES;
				CLANG_ENABLE_OBJC_ARC = YES;
				CLANG_ENABLE_OBJC_WEAK = YES;
				CLANG_WARN_BLOCK_CAPTURE_AUTORELEASING = YES;
				CLANG_WARN_BOOL_CONVERSION = YES;
				CLANG_WARN_COMMA = YES;
				CLANG_WARN_CONSTANT_CONVERSION = YES;
				CLANG_WARN_DEPRECATED_OBJC_IMPLEMENTATIONS = YES;
				CLANG_WARN_DIRECT_OBJC_ISA_USAGE = YES_ERROR;
				CLANG_WARN_DOCUMENTATION_COMMENTS = YES;
				CLANG_WARN_EMPTY_BODY = YES;
				CLANG_WARN_ENUM_CONVERSION = YES;
				CLANG_WARN_INFINITE_RECURSION = YES;
				CLANG_WARN_INT_CONVERSION = YES;
				CLANG_WARN_NON_LITERAL_NULL_CONVERSION = YES;
				CLANG_WARN_OBJC_IMPLICIT_RETAIN_SELF = YES;
				CLANG_WARN_OBJC_LITERAL_CONVERSION = YES;
				CLANG_WARN_OBJC_ROOT_CLASS = YES_ERROR;
				CLANG_WARN_QUOTED_INCLUDE_IN_FRAMEWORK_HEADER = YES;
				CLANG_WARN_RANGE_LOOP_ANALYSIS = YES;
				CLANG_WARN_STRICT_PROTOTYPES = YES;
				CLANG_WARN_SUSPICIOUS_MOVE = YES;
				CLANG_WARN_UNGUARDED_AVAILABILITY = YES_AGGRESSIVE;
				CLANG_WARN_UNREACHABLE_CODE = YES;
				CLANG_WARN__DUPLICATE_METHOD_MATCH = YES;
				COPY_PHASE_STRIP = NO;
				DEBUG_INFORMATION_FORMAT = dwarf;
				ENABLE_STRICT_OBJC_MSGSEND = YES;
				ENABLE_TESTABILITY = YES;
				GCC_C_LANGUAGE_STANDARD = gnu11;
				GCC_DYNAMIC_NO_PIC = NO;
				GCC_NO_COMMON_BLOCKS = YES;
				GCC_OPTIMIZATION_LEVEL = 0;
				GCC_PREPROCESSOR_DEFINITIONS = (
					"DEBUG=1",
					"$(inherited)",
				);
				GCC_WARN_64_TO_32_BIT_CONVERSION = YES;
				GCC_WARN_ABOUT_RETURN_TYPE = YES_ERROR;
				GCC_WARN_UNDECLARED_SELECTOR = YES;
				GCC_WARN_UNINITIALIZED_AUTOS = YES_AGGRESSIVE;
				GCC_WARN_UNUSED_FUNCTION = YES;
				GCC_WARN_UNUSED_VARIABLE = YES;
				IPHONEOS_DEPLOYMENT_TARGET = 15.4;
				MTL_ENABLE_DEBUG_INFO = INCLUDE_SOURCE;
				MTL_FAST_MATH = YES;
				ONLY_ACTIVE_ARCH = YES;
				SDKROOT = iphoneos;
				SWIFT_ACTIVE_COMPILATION_CONDITIONS = DEBUG;
				SWIFT_OPTIMIZATION_LEVEL = "-Onone";
			};
			name = Debug;
		};
		A1F1FAF3288D45E00080E7D7 /* Release */ = {
			isa = XCBuildConfiguration;
			buildSettings = {
				ALWAYS_SEARCH_USER_PATHS = NO;
				CLANG_ANALYZER_NONNULL = YES;
				CLANG_ANALYZER_NUMBER_OBJECT_CONVERSION = YES_AGGRESSIVE;
				CLANG_CXX_LANGUAGE_STANDARD = "gnu++17";
				CLANG_ENABLE_MODULES = YES;
				CLANG_ENABLE_OBJC_ARC = YES;
				CLANG_ENABLE_OBJC_WEAK = YES;
				CLANG_WARN_BLOCK_CAPTURE_AUTORELEASING = YES;
				CLANG_WARN_BOOL_CONVERSION = YES;
				CLANG_WARN_COMMA = YES;
				CLANG_WARN_CONSTANT_CONVERSION = YES;
				CLANG_WARN_DEPRECATED_OBJC_IMPLEMENTATIONS = YES;
				CLANG_WARN_DIRECT_OBJC_ISA_USAGE = YES_ERROR;
				CLANG_WARN_DOCUMENTATION_COMMENTS = YES;
				CLANG_WARN_EMPTY_BODY = YES;
				CLANG_WARN_ENUM_CONVERSION = YES;
				CLANG_WARN_INFINITE_RECURSION = YES;
				CLANG_WARN_INT_CONVERSION = YES;
				CLANG_WARN_NON_LITERAL_NULL_CONVERSION = YES;
				CLANG_WARN_OBJC_IMPLICIT_RETAIN_SELF = YES;
				CLANG_WARN_OBJC_LITERAL_CONVERSION = YES;
				CLANG_WARN_OBJC_ROOT_CLASS = YES_ERROR;
				CLANG_WARN_QUOTED_INCLUDE_IN_FRAMEWORK_HEADER = YES;
				CLANG_WARN_RANGE_LOOP_ANALYSIS = YES;
				CLANG_WARN_STRICT_PROTOTYPES = YES;
				CLANG_WARN_SUSPICIOUS_MOVE = YES;
				CLANG_WARN_UNGUARDED_AVAILABILITY = YES_AGGRESSIVE;
				CLANG_WARN_UNREACHABLE_CODE = YES;
				CLANG_WARN__DUPLICATE_METHOD_MATCH = YES;
				COPY_PHASE_STRIP = NO;
				DEBUG_INFORMATION_FORMAT = "dwarf-with-dsym";
				ENABLE_NS_ASSERTIONS = NO;
				ENABLE_STRICT_OBJC_MSGSEND = YES;
				GCC_C_LANGUAGE_STANDARD = gnu11;
				GCC_NO_COMMON_BLOCKS = YES;
				GCC_WARN_64_TO_32_BIT_CONVERSION = YES;
				GCC_WARN_ABOUT_RETURN_TYPE = YES_ERROR;
				GCC_WARN_UNDECLARED_SELECTOR = YES;
				GCC_WARN_UNINITIALIZED_AUTOS = YES_AGGRESSIVE;
				GCC_WARN_UNUSED_FUNCTION = YES;
				GCC_WARN_UNUSED_VARIABLE = YES;
				IPHONEOS_DEPLOYMENT_TARGET = 15.4;
				MTL_ENABLE_DEBUG_INFO = NO;
				MTL_FAST_MATH = YES;
				SDKROOT = iphoneos;
				SWIFT_COMPILATION_MODE = wholemodule;
				SWIFT_OPTIMIZATION_LEVEL = "-O";
				VALIDATE_PRODUCT = YES;
			};
			name = Release;
		};
		A1F1FAF5288D45E00080E7D7 /* Debug */ = {
			isa = XCBuildConfiguration;
			buildSettings = {
				ASSETCATALOG_COMPILER_APPICON_NAME = AppIcon;
				ASSETCATALOG_COMPILER_GLOBAL_ACCENT_COLOR_NAME = AccentColor;
				CODE_SIGN_STYLE = Automatic;
				CURRENT_PROJECT_VERSION = 1;
				GENERATE_INFOPLIST_FILE = YES;
				INFOPLIST_FILE = TripManagerSwiftUI/Info.plist;
				INFOPLIST_KEY_UIApplicationSupportsIndirectInputEvents = YES;
				INFOPLIST_KEY_UILaunchStoryboardName = LaunchScreen;
				INFOPLIST_KEY_UIMainStoryboardFile = Main;
				INFOPLIST_KEY_UISupportedInterfaceOrientations_iPad = "UIInterfaceOrientationPortrait UIInterfaceOrientationPortraitUpsideDown UIInterfaceOrientationLandscapeLeft UIInterfaceOrientationLandscapeRight";
				INFOPLIST_KEY_UISupportedInterfaceOrientations_iPhone = "UIInterfaceOrientationPortrait UIInterfaceOrientationLandscapeLeft UIInterfaceOrientationLandscapeRight";
				LD_RUNPATH_SEARCH_PATHS = (
					"$(inherited)",
					"@executable_path/Frameworks",
				);
				MARKETING_VERSION = 1.0;
				PRODUCT_BUNDLE_IDENTIFIER = com.jonashioapps.TripManagerSwiftUI;
				PRODUCT_NAME = "$(TARGET_NAME)";
				SWIFT_EMIT_LOC_STRINGS = YES;
				SWIFT_VERSION = 5.0;
				TARGETED_DEVICE_FAMILY = "1,2";
			};
			name = Debug;
		};
		A1F1FAF6288D45E00080E7D7 /* Release */ = {
			isa = XCBuildConfiguration;
			buildSettings = {
				ASSETCATALOG_COMPILER_APPICON_NAME = AppIcon;
				ASSETCATALOG_COMPILER_GLOBAL_ACCENT_COLOR_NAME = AccentColor;
				CODE_SIGN_STYLE = Automatic;
				CURRENT_PROJECT_VERSION = 1;
				GENERATE_INFOPLIST_FILE = YES;
				INFOPLIST_FILE = TripManagerSwiftUI/Info.plist;
				INFOPLIST_KEY_UIApplicationSupportsIndirectInputEvents = YES;
				INFOPLIST_KEY_UILaunchStoryboardName = LaunchScreen;
				INFOPLIST_KEY_UIMainStoryboardFile = Main;
				INFOPLIST_KEY_UISupportedInterfaceOrientations_iPad = "UIInterfaceOrientationPortrait UIInterfaceOrientationPortraitUpsideDown UIInterfaceOrientationLandscapeLeft UIInterfaceOrientationLandscapeRight";
				INFOPLIST_KEY_UISupportedInterfaceOrientations_iPhone = "UIInterfaceOrientationPortrait UIInterfaceOrientationLandscapeLeft UIInterfaceOrientationLandscapeRight";
				LD_RUNPATH_SEARCH_PATHS = (
					"$(inherited)",
					"@executable_path/Frameworks",
				);
				MARKETING_VERSION = 1.0;
				PRODUCT_BUNDLE_IDENTIFIER = com.jonashioapps.TripManagerSwiftUI;
				PRODUCT_NAME = "$(TARGET_NAME)";
				SWIFT_EMIT_LOC_STRINGS = YES;
				SWIFT_VERSION = 5.0;
				TARGETED_DEVICE_FAMILY = "1,2";
			};
			name = Release;
		};
		A1F1FAF8288D45E00080E7D7 /* Debug */ = {
			isa = XCBuildConfiguration;
			buildSettings = {
				ALWAYS_EMBED_SWIFT_STANDARD_LIBRARIES = YES;
				BUNDLE_LOADER = "$(TEST_HOST)";
				CODE_SIGN_STYLE = Automatic;
				CURRENT_PROJECT_VERSION = 1;
				GENERATE_INFOPLIST_FILE = YES;
				IPHONEOS_DEPLOYMENT_TARGET = 15.4;
				MARKETING_VERSION = 1.0;
				PRODUCT_BUNDLE_IDENTIFIER = com.jonashioapps.TripManagerSwiftUITests;
				PRODUCT_NAME = "$(TARGET_NAME)";
				SWIFT_EMIT_LOC_STRINGS = NO;
				SWIFT_VERSION = 5.0;
				TARGETED_DEVICE_FAMILY = "1,2";
				TEST_HOST = "$(BUILT_PRODUCTS_DIR)/TripManagerSwiftUI.app/TripManagerSwiftUI";
			};
			name = Debug;
		};
		A1F1FAF9288D45E00080E7D7 /* Release */ = {
			isa = XCBuildConfiguration;
			buildSettings = {
				ALWAYS_EMBED_SWIFT_STANDARD_LIBRARIES = YES;
				BUNDLE_LOADER = "$(TEST_HOST)";
				CODE_SIGN_STYLE = Automatic;
				CURRENT_PROJECT_VERSION = 1;
				GENERATE_INFOPLIST_FILE = YES;
				IPHONEOS_DEPLOYMENT_TARGET = 15.4;
				MARKETING_VERSION = 1.0;
				PRODUCT_BUNDLE_IDENTIFIER = com.jonashioapps.TripManagerSwiftUITests;
				PRODUCT_NAME = "$(TARGET_NAME)";
				SWIFT_EMIT_LOC_STRINGS = NO;
				SWIFT_VERSION = 5.0;
				TARGETED_DEVICE_FAMILY = "1,2";
				TEST_HOST = "$(BUILT_PRODUCTS_DIR)/TripManagerSwiftUI.app/TripManagerSwiftUI";
			};
			name = Release;
		};
		A1F1FAFB288D45E00080E7D7 /* Debug */ = {
			isa = XCBuildConfiguration;
			buildSettings = {
				ALWAYS_EMBED_SWIFT_STANDARD_LIBRARIES = YES;
				CODE_SIGN_STYLE = Automatic;
				CURRENT_PROJECT_VERSION = 1;
				GENERATE_INFOPLIST_FILE = YES;
				MARKETING_VERSION = 1.0;
				PRODUCT_BUNDLE_IDENTIFIER = com.jonashioapps.TripManagerSwiftUIUITests;
				PRODUCT_NAME = "$(TARGET_NAME)";
				SWIFT_EMIT_LOC_STRINGS = NO;
				SWIFT_VERSION = 5.0;
				TARGETED_DEVICE_FAMILY = "1,2";
				TEST_TARGET_NAME = TripManagerSwiftUI;
			};
			name = Debug;
		};
		A1F1FAFC288D45E00080E7D7 /* Release */ = {
			isa = XCBuildConfiguration;
			buildSettings = {
				ALWAYS_EMBED_SWIFT_STANDARD_LIBRARIES = YES;
				CODE_SIGN_STYLE = Automatic;
				CURRENT_PROJECT_VERSION = 1;
				GENERATE_INFOPLIST_FILE = YES;
				MARKETING_VERSION = 1.0;
				PRODUCT_BUNDLE_IDENTIFIER = com.jonashioapps.TripManagerSwiftUIUITests;
				PRODUCT_NAME = "$(TARGET_NAME)";
				SWIFT_EMIT_LOC_STRINGS = NO;
				SWIFT_VERSION = 5.0;
				TARGETED_DEVICE_FAMILY = "1,2";
				TEST_TARGET_NAME = TripManagerSwiftUI;
			};
			name = Release;
		};
/* End XCBuildConfiguration section */

/* Begin XCConfigurationList section */
		A1F1FAC5288D45DC0080E7D7 /* Build configuration list for PBXProject "TripManagerSwiftUI" */ = {
			isa = XCConfigurationList;
			buildConfigurations = (
				A1F1FAF2288D45E00080E7D7 /* Debug */,
				A1F1FAF3288D45E00080E7D7 /* Release */,
			);
			defaultConfigurationIsVisible = 0;
			defaultConfigurationName = Release;
		};
		A1F1FAF4288D45E00080E7D7 /* Build configuration list for PBXNativeTarget "TripManagerSwiftUI" */ = {
			isa = XCConfigurationList;
			buildConfigurations = (
				A1F1FAF5288D45E00080E7D7 /* Debug */,
				A1F1FAF6288D45E00080E7D7 /* Release */,
			);
			defaultConfigurationIsVisible = 0;
			defaultConfigurationName = Release;
		};
		A1F1FAF7288D45E00080E7D7 /* Build configuration list for PBXNativeTarget "TripManagerSwiftUITests" */ = {
			isa = XCConfigurationList;
			buildConfigurations = (
				A1F1FAF8288D45E00080E7D7 /* Debug */,
				A1F1FAF9288D45E00080E7D7 /* Release */,
			);
			defaultConfigurationIsVisible = 0;
			defaultConfigurationName = Release;
		};
		A1F1FAFA288D45E00080E7D7 /* Build configuration list for PBXNativeTarget "TripManagerSwiftUIUITests" */ = {
			isa = XCConfigurationList;
			buildConfigurations = (
				A1F1FAFB288D45E00080E7D7 /* Debug */,
				A1F1FAFC288D45E00080E7D7 /* Release */,
			);
			defaultConfigurationIsVisible = 0;
			defaultConfigurationName = Release;
		};
/* End XCConfigurationList section */
	};
	rootObject = A1F1FAC2288D45DC0080E7D7 /* Project object */;
}
